// !$*UTF8*$!
{
	archiveVersion = 1;
	classes = {
	};
	objectVersion = 46;
	objects = {

/* Begin PBXBuildFile section */
		5948E2AC14C2A6D000E9ADEA /* PhotoFrameSmall@2x.png in Resources */ = {isa = PBXBuildFile; fileRef = 5948E2A814C2A6D000E9ADEA /* PhotoFrameSmall@2x.png */; };
		5948E2AD14C2A6D000E9ADEA /* PLLogo@2x.png in Resources */ = {isa = PBXBuildFile; fileRef = 5948E2A914C2A6D000E9ADEA /* PLLogo@2x.png */; };
		5948E2AE14C2A6D000E9ADEA /* PLNavigationBar@2x.png in Resources */ = {isa = PBXBuildFile; fileRef = 5948E2AA14C2A6D000E9ADEA /* PLNavigationBar@2x.png */; };
		5948E2AF14C2A6D000E9ADEA /* PLTableCell@2x.png in Resources */ = {isa = PBXBuildFile; fileRef = 5948E2AB14C2A6D000E9ADEA /* PLTableCell@2x.png */; };
<<<<<<< HEAD
		5962197814CE5C8100DF073F /* PLTableHeaderImage.png in Resources */ = {isa = PBXBuildFile; fileRef = 5962197714CE5C8100DF073F /* PLTableHeaderImage.png */; };
		5962198514CE5D8A00DF073F /* PhotoFrameSmall@2x.png in Resources */ = {isa = PBXBuildFile; fileRef = 5962197A14CE5D8A00DF073F /* PhotoFrameSmall@2x.png */; };
		5962198614CE5D8A00DF073F /* PLLogo.png in Resources */ = {isa = PBXBuildFile; fileRef = 5962197B14CE5D8A00DF073F /* PLLogo.png */; };
		5962198714CE5D8A00DF073F /* PLLogo@2x.png in Resources */ = {isa = PBXBuildFile; fileRef = 5962197C14CE5D8A00DF073F /* PLLogo@2x.png */; };
		5962198814CE5D8A00DF073F /* PLNavigationBar.png in Resources */ = {isa = PBXBuildFile; fileRef = 5962197D14CE5D8A00DF073F /* PLNavigationBar.png */; };
		5962198914CE5D8A00DF073F /* PLNavigationBar@2x.png in Resources */ = {isa = PBXBuildFile; fileRef = 5962197E14CE5D8A00DF073F /* PLNavigationBar@2x.png */; };
		5962198A14CE5D8A00DF073F /* PLTableCell.png in Resources */ = {isa = PBXBuildFile; fileRef = 5962197F14CE5D8A00DF073F /* PLTableCell.png */; };
		5962198B14CE5D8A00DF073F /* PLTableCell@2x.png in Resources */ = {isa = PBXBuildFile; fileRef = 5962198014CE5D8A00DF073F /* PLTableCell@2x.png */; };
		5962198C14CE5D8A00DF073F /* PLTableCellSelection.png in Resources */ = {isa = PBXBuildFile; fileRef = 5962198114CE5D8A00DF073F /* PLTableCellSelection.png */; };
		5962198D14CE5D8A00DF073F /* PLTableCellSelection@2x.png in Resources */ = {isa = PBXBuildFile; fileRef = 5962198214CE5D8A00DF073F /* PLTableCellSelection@2x.png */; };
		5962198E14CE5D8A00DF073F /* PLTableHeaderImage.png in Resources */ = {isa = PBXBuildFile; fileRef = 5962198314CE5D8A00DF073F /* PLTableHeaderImage.png */; };
		5962198F14CE5D8A00DF073F /* PLTableHeaderImage@2x.png in Resources */ = {isa = PBXBuildFile; fileRef = 5962198414CE5D8A00DF073F /* PLTableHeaderImage@2x.png */; };
		5962199214CE5E6600DF073F /* PLTableFooter.m in Sources */ = {isa = PBXBuildFile; fileRef = 5962199114CE5E6600DF073F /* PLTableFooter.m */; };
		5962199514CE5F4900DF073F /* PLTableFooterImage.png in Resources */ = {isa = PBXBuildFile; fileRef = 5962199314CE5F4900DF073F /* PLTableFooterImage.png */; };
		5962199614CE5F4900DF073F /* PLTableFooterImage@2x.png in Resources */ = {isa = PBXBuildFile; fileRef = 5962199414CE5F4900DF073F /* PLTableFooterImage@2x.png */; };
		5962199914CE611000DF073F /* PLLoadingView.m in Sources */ = {isa = PBXBuildFile; fileRef = 5962199814CE611000DF073F /* PLLoadingView.m */; };
		596219B414CE62F600DF073F /* PLLoading_01@2x.png in Resources */ = {isa = PBXBuildFile; fileRef = 5962199B14CE62F600DF073F /* PLLoading_01@2x.png */; };
		596219B514CE62F600DF073F /* PLLoading_02@2x.png in Resources */ = {isa = PBXBuildFile; fileRef = 5962199C14CE62F600DF073F /* PLLoading_02@2x.png */; };
		596219B614CE62F600DF073F /* PLLoading_03@2x.png in Resources */ = {isa = PBXBuildFile; fileRef = 5962199D14CE62F600DF073F /* PLLoading_03@2x.png */; };
		596219B714CE62F600DF073F /* PLLoading_04@2x.png in Resources */ = {isa = PBXBuildFile; fileRef = 5962199E14CE62F600DF073F /* PLLoading_04@2x.png */; };
		596219B814CE62F600DF073F /* PLLoading_05@2x.png in Resources */ = {isa = PBXBuildFile; fileRef = 5962199F14CE62F600DF073F /* PLLoading_05@2x.png */; };
		596219B914CE62F600DF073F /* PLLoading_06@2x.png in Resources */ = {isa = PBXBuildFile; fileRef = 596219A014CE62F600DF073F /* PLLoading_06@2x.png */; };
		596219BA14CE62F600DF073F /* PLLoading_07@2x.png in Resources */ = {isa = PBXBuildFile; fileRef = 596219A114CE62F600DF073F /* PLLoading_07@2x.png */; };
		596219BB14CE62F600DF073F /* PLLoading_08@2x.png in Resources */ = {isa = PBXBuildFile; fileRef = 596219A214CE62F600DF073F /* PLLoading_08@2x.png */; };
		596219BC14CE62F600DF073F /* PLLoading_09@2x.png in Resources */ = {isa = PBXBuildFile; fileRef = 596219A314CE62F600DF073F /* PLLoading_09@2x.png */; };
		596219BD14CE62F600DF073F /* PLLoading_10@2x.png in Resources */ = {isa = PBXBuildFile; fileRef = 596219A414CE62F600DF073F /* PLLoading_10@2x.png */; };
		596219BE14CE62F600DF073F /* PLLoading_11@2x.png in Resources */ = {isa = PBXBuildFile; fileRef = 596219A514CE62F600DF073F /* PLLoading_11@2x.png */; };
		596219BF14CE62F600DF073F /* PLLoading_12@2x.png in Resources */ = {isa = PBXBuildFile; fileRef = 596219A614CE62F600DF073F /* PLLoading_12@2x.png */; };
		596219C014CE62F600DF073F /* PLLoading_13@2x.png in Resources */ = {isa = PBXBuildFile; fileRef = 596219A714CE62F600DF073F /* PLLoading_13@2x.png */; };
		596219C114CE62F600DF073F /* PLLoading_14@2x.png in Resources */ = {isa = PBXBuildFile; fileRef = 596219A814CE62F600DF073F /* PLLoading_14@2x.png */; };
		596219C214CE62F600DF073F /* PLLoading_15@2x.png in Resources */ = {isa = PBXBuildFile; fileRef = 596219A914CE62F600DF073F /* PLLoading_15@2x.png */; };
		596219C314CE62F600DF073F /* PLLoading_16@2x.png in Resources */ = {isa = PBXBuildFile; fileRef = 596219AA14CE62F600DF073F /* PLLoading_16@2x.png */; };
		596219C414CE62F600DF073F /* PLLoading_17@2x.png in Resources */ = {isa = PBXBuildFile; fileRef = 596219AB14CE62F600DF073F /* PLLoading_17@2x.png */; };
		596219C514CE62F600DF073F /* PLLoading_18@2x.png in Resources */ = {isa = PBXBuildFile; fileRef = 596219AC14CE62F600DF073F /* PLLoading_18@2x.png */; };
		596219C614CE62F600DF073F /* PLLoading_19@2x.png in Resources */ = {isa = PBXBuildFile; fileRef = 596219AD14CE62F600DF073F /* PLLoading_19@2x.png */; };
		596219C714CE62F600DF073F /* PLLoading_20@2x.png in Resources */ = {isa = PBXBuildFile; fileRef = 596219AE14CE62F600DF073F /* PLLoading_20@2x.png */; };
		596219C814CE62F600DF073F /* PLLoading_21@2x.png in Resources */ = {isa = PBXBuildFile; fileRef = 596219AF14CE62F600DF073F /* PLLoading_21@2x.png */; };
		596219C914CE62F600DF073F /* PLLoading_22@2x.png in Resources */ = {isa = PBXBuildFile; fileRef = 596219B014CE62F600DF073F /* PLLoading_22@2x.png */; };
		596219CA14CE62F600DF073F /* PLLoading_23@2x.png in Resources */ = {isa = PBXBuildFile; fileRef = 596219B114CE62F600DF073F /* PLLoading_23@2x.png */; };
		596219CB14CE62F600DF073F /* PLLoading_24@2x.png in Resources */ = {isa = PBXBuildFile; fileRef = 596219B214CE62F600DF073F /* PLLoading_24@2x.png */; };
		596219CC14CE62F600DF073F /* PLLoading_25@2x.png in Resources */ = {isa = PBXBuildFile; fileRef = 596219B314CE62F600DF073F /* PLLoading_25@2x.png */; };
		59CC14C114C9FB8F00775109 /* InnerShadowDrawing.m in Sources */ = {isa = PBXBuildFile; fileRef = 59CC14C014C9FB8F00775109 /* InnerShadowDrawing.m */; };
		59CC14C514C9FEDD00775109 /* PLListCellSelection.m in Sources */ = {isa = PBXBuildFile; fileRef = 59CC14C414C9FEDD00775109 /* PLListCellSelection.m */; };
		59CC14ED14CA101F00775109 /* PLTableCellSelection@2x.png in Resources */ = {isa = PBXBuildFile; fileRef = 59CC14EC14CA101F00775109 /* PLTableCellSelection@2x.png */; };
		59CC14F014CA10FE00775109 /* PLTableHeader.m in Sources */ = {isa = PBXBuildFile; fileRef = 59CC14EF14CA10FE00775109 /* PLTableHeader.m */; };
=======
		59CC14ED14CA101F00775109 /* PLTableCellSelection@2x.png in Resources */ = {isa = PBXBuildFile; fileRef = 59CC14EC14CA101F00775109 /* PLTableCellSelection@2x.png */; };
		59CC14F814CA153700775109 /* PLTableHeader@2x.png in Resources */ = {isa = PBXBuildFile; fileRef = 59CC14F714CA153700775109 /* PLTableHeader@2x.png */; };
>>>>>>> commit old work
		59CC14FA14CA1A4400775109 /* PLTableHeaderImage@2x.png in Resources */ = {isa = PBXBuildFile; fileRef = 59CC14F914CA1A4400775109 /* PLTableHeaderImage@2x.png */; };
		AC0ED36814A4870B0095CD09 /* PLURL.m in Sources */ = {isa = PBXBuildFile; fileRef = AC0ED36714A4870B0095CD09 /* PLURL.m */; };
		AC5872E114CD4B5B001F77C3 /* PLListCell.m in Sources */ = {isa = PBXBuildFile; fileRef = AC5872DC14CD4B5B001F77C3 /* PLListCell.m */; };
		AC5872E214CD4B5B001F77C3 /* PLListCellSelection.m in Sources */ = {isa = PBXBuildFile; fileRef = AC5872DE14CD4B5B001F77C3 /* PLListCellSelection.m */; };
		AC5872E314CD4B5B001F77C3 /* PLTableHeader.m in Sources */ = {isa = PBXBuildFile; fileRef = AC5872E014CD4B5B001F77C3 /* PLTableHeader.m */; };
		AC5872E714CD4B72001F77C3 /* InnerShadowDrawing.m in Sources */ = {isa = PBXBuildFile; fileRef = AC5872E614CD4B72001F77C3 /* InnerShadowDrawing.m */; };
		AC5872EB14CD4B9B001F77C3 /* HBAParser.m in Sources */ = {isa = PBXBuildFile; fileRef = AC5872EA14CD4B9B001F77C3 /* HBAParser.m */; };
		ACC48C3D14B68FA500285E3C /* PLArticleViewController.m in Sources */ = {isa = PBXBuildFile; fileRef = ACC48C3C14B68FA500285E3C /* PLArticleViewController.m */; };
		ACD0CFE214A48E6A004F914E /* PLRequest.m in Sources */ = {isa = PBXBuildFile; fileRef = ACD0CFE114A48E6A004F914E /* PLRequest.m */; };
		BD1C8F0B14A6B277005DAE02 /* PLParser.m in Sources */ = {isa = PBXBuildFile; fileRef = BD1C8F0A14A6B277005DAE02 /* PLParser.m */; };
		BD1C8F0E14A6B299005DAE02 /* PLListParser.m in Sources */ = {isa = PBXBuildFile; fileRef = BD1C8F0D14A6B299005DAE02 /* PLListParser.m */; };
		BD33712614A5186B00407496 /* PLTableViewController.m in Sources */ = {isa = PBXBuildFile; fileRef = BD33712514A5186B00407496 /* PLTableViewController.m */; };
		BD33712A14A51E6900407496 /* PLListsController.m in Sources */ = {isa = PBXBuildFile; fileRef = BD33712914A51E6900407496 /* PLListsController.m */; };
		BDE62B9714A273F8003423CA /* UIKit.framework in Frameworks */ = {isa = PBXBuildFile; fileRef = BDE62B9614A273F8003423CA /* UIKit.framework */; };
		BDE62B9914A273F8003423CA /* Foundation.framework in Frameworks */ = {isa = PBXBuildFile; fileRef = BDE62B9814A273F8003423CA /* Foundation.framework */; };
		BDE62B9B14A273F8003423CA /* CoreGraphics.framework in Frameworks */ = {isa = PBXBuildFile; fileRef = BDE62B9A14A273F8003423CA /* CoreGraphics.framework */; };
		BDE62BA114A273F8003423CA /* InfoPlist.strings in Resources */ = {isa = PBXBuildFile; fileRef = BDE62B9F14A273F8003423CA /* InfoPlist.strings */; };
		BDE62BA314A273F8003423CA /* main.m in Sources */ = {isa = PBXBuildFile; fileRef = BDE62BA214A273F8003423CA /* main.m */; };
		BDE62BA714A273F8003423CA /* PLAppDelegate.m in Sources */ = {isa = PBXBuildFile; fileRef = BDE62BA614A273F8003423CA /* PLAppDelegate.m */; };
		BDE62BAF14A273F9003423CA /* SenTestingKit.framework in Frameworks */ = {isa = PBXBuildFile; fileRef = BDE62BAE14A273F9003423CA /* SenTestingKit.framework */; };
		BDE62BB014A273F9003423CA /* UIKit.framework in Frameworks */ = {isa = PBXBuildFile; fileRef = BDE62B9614A273F8003423CA /* UIKit.framework */; };
		BDE62BB114A273F9003423CA /* Foundation.framework in Frameworks */ = {isa = PBXBuildFile; fileRef = BDE62B9814A273F8003423CA /* Foundation.framework */; };
		BDE62BB914A273F9003423CA /* InfoPlist.strings in Resources */ = {isa = PBXBuildFile; fileRef = BDE62BB714A273F9003423CA /* InfoPlist.strings */; };
		BDE62BBC14A273F9003423CA /* PhenomListTests.m in Sources */ = {isa = PBXBuildFile; fileRef = BDE62BBB14A273F9003423CA /* PhenomListTests.m */; };
		BDE62BCA14A27451003423CA /* PLObject.m in Sources */ = {isa = PBXBuildFile; fileRef = BDE62BC914A27451003423CA /* PLObject.m */; };
		BDE62BCD14A27477003423CA /* PLList.m in Sources */ = {isa = PBXBuildFile; fileRef = BDE62BCC14A27477003423CA /* PLList.m */; };
		BDE62BD014A274AC003423CA /* PLPhenom.m in Sources */ = {isa = PBXBuildFile; fileRef = BDE62BCF14A274AC003423CA /* PLPhenom.m */; };
/* End PBXBuildFile section */

/* Begin PBXContainerItemProxy section */
		BDE62BB214A273F9003423CA /* PBXContainerItemProxy */ = {
			isa = PBXContainerItemProxy;
			containerPortal = BDE62B8914A273F8003423CA /* Project object */;
			proxyType = 1;
			remoteGlobalIDString = BDE62B9114A273F8003423CA;
			remoteInfo = PhenomList;
		};
/* End PBXContainerItemProxy section */

/* Begin PBXFileReference section */
		5948E2A814C2A6D000E9ADEA /* PhotoFrameSmall@2x.png */ = {isa = PBXFileReference; lastKnownFileType = image.png; path = "PhotoFrameSmall@2x.png"; sourceTree = "<group>"; };
		5948E2A914C2A6D000E9ADEA /* PLLogo@2x.png */ = {isa = PBXFileReference; lastKnownFileType = image.png; path = "PLLogo@2x.png"; sourceTree = "<group>"; };
		5948E2AA14C2A6D000E9ADEA /* PLNavigationBar@2x.png */ = {isa = PBXFileReference; lastKnownFileType = image.png; path = "PLNavigationBar@2x.png"; sourceTree = "<group>"; };
		5948E2AB14C2A6D000E9ADEA /* PLTableCell@2x.png */ = {isa = PBXFileReference; lastKnownFileType = image.png; path = "PLTableCell@2x.png"; sourceTree = "<group>"; };
<<<<<<< HEAD
		5962197714CE5C8100DF073F /* PLTableHeaderImage.png */ = {isa = PBXFileReference; lastKnownFileType = image.png; path = PLTableHeaderImage.png; sourceTree = "<group>"; };
		5962197A14CE5D8A00DF073F /* PhotoFrameSmall@2x.png */ = {isa = PBXFileReference; lastKnownFileType = image.png; path = "PhotoFrameSmall@2x.png"; sourceTree = "<group>"; };
		5962197B14CE5D8A00DF073F /* PLLogo.png */ = {isa = PBXFileReference; lastKnownFileType = image.png; path = PLLogo.png; sourceTree = "<group>"; };
		5962197C14CE5D8A00DF073F /* PLLogo@2x.png */ = {isa = PBXFileReference; lastKnownFileType = image.png; path = "PLLogo@2x.png"; sourceTree = "<group>"; };
		5962197D14CE5D8A00DF073F /* PLNavigationBar.png */ = {isa = PBXFileReference; lastKnownFileType = image.png; path = PLNavigationBar.png; sourceTree = "<group>"; };
		5962197E14CE5D8A00DF073F /* PLNavigationBar@2x.png */ = {isa = PBXFileReference; lastKnownFileType = image.png; path = "PLNavigationBar@2x.png"; sourceTree = "<group>"; };
		5962197F14CE5D8A00DF073F /* PLTableCell.png */ = {isa = PBXFileReference; lastKnownFileType = image.png; path = PLTableCell.png; sourceTree = "<group>"; };
		5962198014CE5D8A00DF073F /* PLTableCell@2x.png */ = {isa = PBXFileReference; lastKnownFileType = image.png; path = "PLTableCell@2x.png"; sourceTree = "<group>"; };
		5962198114CE5D8A00DF073F /* PLTableCellSelection.png */ = {isa = PBXFileReference; lastKnownFileType = image.png; path = PLTableCellSelection.png; sourceTree = "<group>"; };
		5962198214CE5D8A00DF073F /* PLTableCellSelection@2x.png */ = {isa = PBXFileReference; lastKnownFileType = image.png; path = "PLTableCellSelection@2x.png"; sourceTree = "<group>"; };
		5962198314CE5D8A00DF073F /* PLTableHeaderImage.png */ = {isa = PBXFileReference; lastKnownFileType = image.png; path = PLTableHeaderImage.png; sourceTree = "<group>"; };
		5962198414CE5D8A00DF073F /* PLTableHeaderImage@2x.png */ = {isa = PBXFileReference; lastKnownFileType = image.png; path = "PLTableHeaderImage@2x.png"; sourceTree = "<group>"; };
		5962199014CE5E6600DF073F /* PLTableFooter.h */ = {isa = PBXFileReference; fileEncoding = 4; lastKnownFileType = sourcecode.c.h; name = PLTableFooter.h; path = View/PLTableFooter.h; sourceTree = "<group>"; };
		5962199114CE5E6600DF073F /* PLTableFooter.m */ = {isa = PBXFileReference; fileEncoding = 4; lastKnownFileType = sourcecode.c.objc; name = PLTableFooter.m; path = View/PLTableFooter.m; sourceTree = "<group>"; };
		5962199314CE5F4900DF073F /* PLTableFooterImage.png */ = {isa = PBXFileReference; lastKnownFileType = image.png; path = PLTableFooterImage.png; sourceTree = "<group>"; };
		5962199414CE5F4900DF073F /* PLTableFooterImage@2x.png */ = {isa = PBXFileReference; lastKnownFileType = image.png; path = "PLTableFooterImage@2x.png"; sourceTree = "<group>"; };
		5962199714CE611000DF073F /* PLLoadingView.h */ = {isa = PBXFileReference; fileEncoding = 4; lastKnownFileType = sourcecode.c.h; name = PLLoadingView.h; path = View/PLLoadingView.h; sourceTree = "<group>"; };
		5962199814CE611000DF073F /* PLLoadingView.m */ = {isa = PBXFileReference; fileEncoding = 4; lastKnownFileType = sourcecode.c.objc; name = PLLoadingView.m; path = View/PLLoadingView.m; sourceTree = "<group>"; };
		5962199B14CE62F600DF073F /* PLLoading_01@2x.png */ = {isa = PBXFileReference; lastKnownFileType = image.png; path = "PLLoading_01@2x.png"; sourceTree = "<group>"; };
		5962199C14CE62F600DF073F /* PLLoading_02@2x.png */ = {isa = PBXFileReference; lastKnownFileType = image.png; path = "PLLoading_02@2x.png"; sourceTree = "<group>"; };
		5962199D14CE62F600DF073F /* PLLoading_03@2x.png */ = {isa = PBXFileReference; lastKnownFileType = image.png; path = "PLLoading_03@2x.png"; sourceTree = "<group>"; };
		5962199E14CE62F600DF073F /* PLLoading_04@2x.png */ = {isa = PBXFileReference; lastKnownFileType = image.png; path = "PLLoading_04@2x.png"; sourceTree = "<group>"; };
		5962199F14CE62F600DF073F /* PLLoading_05@2x.png */ = {isa = PBXFileReference; lastKnownFileType = image.png; path = "PLLoading_05@2x.png"; sourceTree = "<group>"; };
		596219A014CE62F600DF073F /* PLLoading_06@2x.png */ = {isa = PBXFileReference; lastKnownFileType = image.png; path = "PLLoading_06@2x.png"; sourceTree = "<group>"; };
		596219A114CE62F600DF073F /* PLLoading_07@2x.png */ = {isa = PBXFileReference; lastKnownFileType = image.png; path = "PLLoading_07@2x.png"; sourceTree = "<group>"; };
		596219A214CE62F600DF073F /* PLLoading_08@2x.png */ = {isa = PBXFileReference; lastKnownFileType = image.png; path = "PLLoading_08@2x.png"; sourceTree = "<group>"; };
		596219A314CE62F600DF073F /* PLLoading_09@2x.png */ = {isa = PBXFileReference; lastKnownFileType = image.png; path = "PLLoading_09@2x.png"; sourceTree = "<group>"; };
		596219A414CE62F600DF073F /* PLLoading_10@2x.png */ = {isa = PBXFileReference; lastKnownFileType = image.png; path = "PLLoading_10@2x.png"; sourceTree = "<group>"; };
		596219A514CE62F600DF073F /* PLLoading_11@2x.png */ = {isa = PBXFileReference; lastKnownFileType = image.png; path = "PLLoading_11@2x.png"; sourceTree = "<group>"; };
		596219A614CE62F600DF073F /* PLLoading_12@2x.png */ = {isa = PBXFileReference; lastKnownFileType = image.png; path = "PLLoading_12@2x.png"; sourceTree = "<group>"; };
		596219A714CE62F600DF073F /* PLLoading_13@2x.png */ = {isa = PBXFileReference; lastKnownFileType = image.png; path = "PLLoading_13@2x.png"; sourceTree = "<group>"; };
		596219A814CE62F600DF073F /* PLLoading_14@2x.png */ = {isa = PBXFileReference; lastKnownFileType = image.png; path = "PLLoading_14@2x.png"; sourceTree = "<group>"; };
		596219A914CE62F600DF073F /* PLLoading_15@2x.png */ = {isa = PBXFileReference; lastKnownFileType = image.png; path = "PLLoading_15@2x.png"; sourceTree = "<group>"; };
		596219AA14CE62F600DF073F /* PLLoading_16@2x.png */ = {isa = PBXFileReference; lastKnownFileType = image.png; path = "PLLoading_16@2x.png"; sourceTree = "<group>"; };
		596219AB14CE62F600DF073F /* PLLoading_17@2x.png */ = {isa = PBXFileReference; lastKnownFileType = image.png; path = "PLLoading_17@2x.png"; sourceTree = "<group>"; };
		596219AC14CE62F600DF073F /* PLLoading_18@2x.png */ = {isa = PBXFileReference; lastKnownFileType = image.png; path = "PLLoading_18@2x.png"; sourceTree = "<group>"; };
		596219AD14CE62F600DF073F /* PLLoading_19@2x.png */ = {isa = PBXFileReference; lastKnownFileType = image.png; path = "PLLoading_19@2x.png"; sourceTree = "<group>"; };
		596219AE14CE62F600DF073F /* PLLoading_20@2x.png */ = {isa = PBXFileReference; lastKnownFileType = image.png; path = "PLLoading_20@2x.png"; sourceTree = "<group>"; };
		596219AF14CE62F600DF073F /* PLLoading_21@2x.png */ = {isa = PBXFileReference; lastKnownFileType = image.png; path = "PLLoading_21@2x.png"; sourceTree = "<group>"; };
		596219B014CE62F600DF073F /* PLLoading_22@2x.png */ = {isa = PBXFileReference; lastKnownFileType = image.png; path = "PLLoading_22@2x.png"; sourceTree = "<group>"; };
		596219B114CE62F600DF073F /* PLLoading_23@2x.png */ = {isa = PBXFileReference; lastKnownFileType = image.png; path = "PLLoading_23@2x.png"; sourceTree = "<group>"; };
		596219B214CE62F600DF073F /* PLLoading_24@2x.png */ = {isa = PBXFileReference; lastKnownFileType = image.png; path = "PLLoading_24@2x.png"; sourceTree = "<group>"; };
		596219B314CE62F600DF073F /* PLLoading_25@2x.png */ = {isa = PBXFileReference; lastKnownFileType = image.png; path = "PLLoading_25@2x.png"; sourceTree = "<group>"; };
		59CC14BF14C9FB8F00775109 /* InnerShadowDrawing.h */ = {isa = PBXFileReference; fileEncoding = 4; lastKnownFileType = sourcecode.c.h; path = InnerShadowDrawing.h; sourceTree = "<group>"; };
		59CC14C014C9FB8F00775109 /* InnerShadowDrawing.m */ = {isa = PBXFileReference; fileEncoding = 4; lastKnownFileType = sourcecode.c.objc; path = InnerShadowDrawing.m; sourceTree = "<group>"; };
		59CC14C314C9FEDD00775109 /* PLListCellSelection.h */ = {isa = PBXFileReference; fileEncoding = 4; lastKnownFileType = sourcecode.c.h; path = PLListCellSelection.h; sourceTree = "<group>"; };
		59CC14C414C9FEDD00775109 /* PLListCellSelection.m */ = {isa = PBXFileReference; fileEncoding = 4; lastKnownFileType = sourcecode.c.objc; path = PLListCellSelection.m; sourceTree = "<group>"; };
		59CC14EC14CA101F00775109 /* PLTableCellSelection@2x.png */ = {isa = PBXFileReference; lastKnownFileType = image.png; path = "PLTableCellSelection@2x.png"; sourceTree = "<group>"; };
		59CC14EE14CA10FE00775109 /* PLTableHeader.h */ = {isa = PBXFileReference; fileEncoding = 4; lastKnownFileType = sourcecode.c.h; path = PLTableHeader.h; sourceTree = "<group>"; };
		59CC14EF14CA10FE00775109 /* PLTableHeader.m */ = {isa = PBXFileReference; fileEncoding = 4; lastKnownFileType = sourcecode.c.objc; path = PLTableHeader.m; sourceTree = "<group>"; };
=======
		59CC14EC14CA101F00775109 /* PLTableCellSelection@2x.png */ = {isa = PBXFileReference; lastKnownFileType = image.png; path = "PLTableCellSelection@2x.png"; sourceTree = "<group>"; };
		59CC14F714CA153700775109 /* PLTableHeader@2x.png */ = {isa = PBXFileReference; lastKnownFileType = image.png; path = "PLTableHeader@2x.png"; sourceTree = "<group>"; };
>>>>>>> commit old work
		59CC14F914CA1A4400775109 /* PLTableHeaderImage@2x.png */ = {isa = PBXFileReference; lastKnownFileType = image.png; path = "PLTableHeaderImage@2x.png"; sourceTree = "<group>"; };
		AC0ED36614A4870B0095CD09 /* PLURL.h */ = {isa = PBXFileReference; fileEncoding = 4; lastKnownFileType = sourcecode.c.h; name = PLURL.h; path = Model/PLURL.h; sourceTree = "<group>"; };
		AC0ED36714A4870B0095CD09 /* PLURL.m */ = {isa = PBXFileReference; fileEncoding = 4; lastKnownFileType = sourcecode.c.objc; name = PLURL.m; path = Model/PLURL.m; sourceTree = "<group>"; };
		AC5872DB14CD4B5B001F77C3 /* PLListCell.h */ = {isa = PBXFileReference; fileEncoding = 4; lastKnownFileType = sourcecode.c.h; name = PLListCell.h; path = View/PLListCell.h; sourceTree = "<group>"; };
		AC5872DC14CD4B5B001F77C3 /* PLListCell.m */ = {isa = PBXFileReference; fileEncoding = 4; lastKnownFileType = sourcecode.c.objc; name = PLListCell.m; path = View/PLListCell.m; sourceTree = "<group>"; };
		AC5872DD14CD4B5B001F77C3 /* PLListCellSelection.h */ = {isa = PBXFileReference; fileEncoding = 4; lastKnownFileType = sourcecode.c.h; name = PLListCellSelection.h; path = View/PLListCellSelection.h; sourceTree = "<group>"; };
		AC5872DE14CD4B5B001F77C3 /* PLListCellSelection.m */ = {isa = PBXFileReference; fileEncoding = 4; lastKnownFileType = sourcecode.c.objc; name = PLListCellSelection.m; path = View/PLListCellSelection.m; sourceTree = "<group>"; };
		AC5872DF14CD4B5B001F77C3 /* PLTableHeader.h */ = {isa = PBXFileReference; fileEncoding = 4; lastKnownFileType = sourcecode.c.h; name = PLTableHeader.h; path = View/PLTableHeader.h; sourceTree = "<group>"; };
		AC5872E014CD4B5B001F77C3 /* PLTableHeader.m */ = {isa = PBXFileReference; fileEncoding = 4; lastKnownFileType = sourcecode.c.objc; name = PLTableHeader.m; path = View/PLTableHeader.m; sourceTree = "<group>"; };
		AC5872E514CD4B72001F77C3 /* InnerShadowDrawing.h */ = {isa = PBXFileReference; fileEncoding = 4; lastKnownFileType = sourcecode.c.h; name = InnerShadowDrawing.h; path = Lib/InnerShadowDrawing.h; sourceTree = "<group>"; };
		AC5872E614CD4B72001F77C3 /* InnerShadowDrawing.m */ = {isa = PBXFileReference; fileEncoding = 4; lastKnownFileType = sourcecode.c.objc; name = InnerShadowDrawing.m; path = Lib/InnerShadowDrawing.m; sourceTree = "<group>"; };
		AC5872E914CD4B9B001F77C3 /* HBAParser.h */ = {isa = PBXFileReference; fileEncoding = 4; lastKnownFileType = sourcecode.c.h; path = HBAParser.h; sourceTree = "<group>"; };
		AC5872EA14CD4B9B001F77C3 /* HBAParser.m */ = {isa = PBXFileReference; fileEncoding = 4; lastKnownFileType = sourcecode.c.objc; path = HBAParser.m; sourceTree = "<group>"; };
		ACC48C3B14B68FA500285E3C /* PLArticleViewController.h */ = {isa = PBXFileReference; fileEncoding = 4; lastKnownFileType = sourcecode.c.h; name = PLArticleViewController.h; path = Controller/PLArticleViewController.h; sourceTree = "<group>"; };
		ACC48C3C14B68FA500285E3C /* PLArticleViewController.m */ = {isa = PBXFileReference; fileEncoding = 4; lastKnownFileType = sourcecode.c.objc; name = PLArticleViewController.m; path = Controller/PLArticleViewController.m; sourceTree = "<group>"; };
		ACD0CFE014A48E6A004F914E /* PLRequest.h */ = {isa = PBXFileReference; fileEncoding = 4; lastKnownFileType = sourcecode.c.h; name = PLRequest.h; path = Model/PLRequest.h; sourceTree = "<group>"; };
		ACD0CFE114A48E6A004F914E /* PLRequest.m */ = {isa = PBXFileReference; fileEncoding = 4; lastKnownFileType = sourcecode.c.objc; name = PLRequest.m; path = Model/PLRequest.m; sourceTree = "<group>"; };
		BD1C8F0914A6B277005DAE02 /* PLParser.h */ = {isa = PBXFileReference; fileEncoding = 4; lastKnownFileType = sourcecode.c.h; name = PLParser.h; path = Model/PLParser.h; sourceTree = "<group>"; };
		BD1C8F0A14A6B277005DAE02 /* PLParser.m */ = {isa = PBXFileReference; fileEncoding = 4; lastKnownFileType = sourcecode.c.objc; name = PLParser.m; path = Model/PLParser.m; sourceTree = "<group>"; };
		BD1C8F0C14A6B299005DAE02 /* PLListParser.h */ = {isa = PBXFileReference; fileEncoding = 4; lastKnownFileType = sourcecode.c.h; name = PLListParser.h; path = Model/PLListParser.h; sourceTree = "<group>"; };
		BD1C8F0D14A6B299005DAE02 /* PLListParser.m */ = {isa = PBXFileReference; fileEncoding = 4; lastKnownFileType = sourcecode.c.objc; name = PLListParser.m; path = Model/PLListParser.m; sourceTree = "<group>"; };
		BD33712414A5186B00407496 /* PLTableViewController.h */ = {isa = PBXFileReference; fileEncoding = 4; lastKnownFileType = sourcecode.c.h; name = PLTableViewController.h; path = Controller/PLTableViewController.h; sourceTree = "<group>"; };
		BD33712514A5186B00407496 /* PLTableViewController.m */ = {isa = PBXFileReference; fileEncoding = 4; lastKnownFileType = sourcecode.c.objc; name = PLTableViewController.m; path = Controller/PLTableViewController.m; sourceTree = "<group>"; };
		BD33712814A51E6900407496 /* PLListsController.h */ = {isa = PBXFileReference; fileEncoding = 4; lastKnownFileType = sourcecode.c.h; name = PLListsController.h; path = Controller/PLListsController.h; sourceTree = "<group>"; };
		BD33712914A51E6900407496 /* PLListsController.m */ = {isa = PBXFileReference; fileEncoding = 4; lastKnownFileType = sourcecode.c.objc; name = PLListsController.m; path = Controller/PLListsController.m; sourceTree = "<group>"; };
		BDE62B9214A273F8003423CA /* PhenomList.app */ = {isa = PBXFileReference; explicitFileType = wrapper.application; includeInIndex = 0; path = PhenomList.app; sourceTree = BUILT_PRODUCTS_DIR; };
		BDE62B9614A273F8003423CA /* UIKit.framework */ = {isa = PBXFileReference; lastKnownFileType = wrapper.framework; name = UIKit.framework; path = System/Library/Frameworks/UIKit.framework; sourceTree = SDKROOT; };
		BDE62B9814A273F8003423CA /* Foundation.framework */ = {isa = PBXFileReference; lastKnownFileType = wrapper.framework; name = Foundation.framework; path = System/Library/Frameworks/Foundation.framework; sourceTree = SDKROOT; };
		BDE62B9A14A273F8003423CA /* CoreGraphics.framework */ = {isa = PBXFileReference; lastKnownFileType = wrapper.framework; name = CoreGraphics.framework; path = System/Library/Frameworks/CoreGraphics.framework; sourceTree = SDKROOT; };
		BDE62B9E14A273F8003423CA /* PhenomList-Info.plist */ = {isa = PBXFileReference; lastKnownFileType = text.plist.xml; path = "PhenomList-Info.plist"; sourceTree = "<group>"; };
		BDE62BA014A273F8003423CA /* en */ = {isa = PBXFileReference; lastKnownFileType = text.plist.strings; name = en; path = en.lproj/InfoPlist.strings; sourceTree = "<group>"; };
		BDE62BA214A273F8003423CA /* main.m */ = {isa = PBXFileReference; lastKnownFileType = sourcecode.c.objc; path = main.m; sourceTree = "<group>"; };
		BDE62BA414A273F8003423CA /* PhenomList-Prefix.pch */ = {isa = PBXFileReference; lastKnownFileType = sourcecode.c.h; path = "PhenomList-Prefix.pch"; sourceTree = "<group>"; };
		BDE62BA514A273F8003423CA /* PLAppDelegate.h */ = {isa = PBXFileReference; lastKnownFileType = sourcecode.c.h; path = PLAppDelegate.h; sourceTree = "<group>"; };
		BDE62BA614A273F8003423CA /* PLAppDelegate.m */ = {isa = PBXFileReference; lastKnownFileType = sourcecode.c.objc; path = PLAppDelegate.m; sourceTree = "<group>"; };
		BDE62BAD14A273F9003423CA /* PhenomListTests.octest */ = {isa = PBXFileReference; explicitFileType = wrapper.cfbundle; includeInIndex = 0; path = PhenomListTests.octest; sourceTree = BUILT_PRODUCTS_DIR; };
		BDE62BAE14A273F9003423CA /* SenTestingKit.framework */ = {isa = PBXFileReference; lastKnownFileType = wrapper.framework; name = SenTestingKit.framework; path = Library/Frameworks/SenTestingKit.framework; sourceTree = DEVELOPER_DIR; };
		BDE62BB614A273F9003423CA /* PhenomListTests-Info.plist */ = {isa = PBXFileReference; lastKnownFileType = text.plist.xml; path = "PhenomListTests-Info.plist"; sourceTree = "<group>"; };
		BDE62BB814A273F9003423CA /* en */ = {isa = PBXFileReference; lastKnownFileType = text.plist.strings; name = en; path = en.lproj/InfoPlist.strings; sourceTree = "<group>"; };
		BDE62BBA14A273F9003423CA /* PhenomListTests.h */ = {isa = PBXFileReference; lastKnownFileType = sourcecode.c.h; path = PhenomListTests.h; sourceTree = "<group>"; };
		BDE62BBB14A273F9003423CA /* PhenomListTests.m */ = {isa = PBXFileReference; lastKnownFileType = sourcecode.c.objc; path = PhenomListTests.m; sourceTree = "<group>"; };
		BDE62BC814A27451003423CA /* PLObject.h */ = {isa = PBXFileReference; fileEncoding = 4; lastKnownFileType = sourcecode.c.h; name = PLObject.h; path = Model/PLObject.h; sourceTree = "<group>"; };
		BDE62BC914A27451003423CA /* PLObject.m */ = {isa = PBXFileReference; fileEncoding = 4; lastKnownFileType = sourcecode.c.objc; name = PLObject.m; path = Model/PLObject.m; sourceTree = "<group>"; };
		BDE62BCB14A27477003423CA /* PLList.h */ = {isa = PBXFileReference; fileEncoding = 4; lastKnownFileType = sourcecode.c.h; name = PLList.h; path = Model/PLList.h; sourceTree = "<group>"; };
		BDE62BCC14A27477003423CA /* PLList.m */ = {isa = PBXFileReference; fileEncoding = 4; lastKnownFileType = sourcecode.c.objc; name = PLList.m; path = Model/PLList.m; sourceTree = "<group>"; };
		BDE62BCE14A274AC003423CA /* PLPhenom.h */ = {isa = PBXFileReference; fileEncoding = 4; lastKnownFileType = sourcecode.c.h; name = PLPhenom.h; path = Model/PLPhenom.h; sourceTree = "<group>"; };
		BDE62BCF14A274AC003423CA /* PLPhenom.m */ = {isa = PBXFileReference; fileEncoding = 4; lastKnownFileType = sourcecode.c.objc; name = PLPhenom.m; path = Model/PLPhenom.m; sourceTree = "<group>"; };
/* End PBXFileReference section */

/* Begin PBXFrameworksBuildPhase section */
		BDE62B8F14A273F8003423CA /* Frameworks */ = {
			isa = PBXFrameworksBuildPhase;
			buildActionMask = 2147483647;
			files = (
				BDE62B9714A273F8003423CA /* UIKit.framework in Frameworks */,
				BDE62B9914A273F8003423CA /* Foundation.framework in Frameworks */,
				BDE62B9B14A273F8003423CA /* CoreGraphics.framework in Frameworks */,
			);
			runOnlyForDeploymentPostprocessing = 0;
		};
		BDE62BA914A273F9003423CA /* Frameworks */ = {
			isa = PBXFrameworksBuildPhase;
			buildActionMask = 2147483647;
			files = (
				BDE62BAF14A273F9003423CA /* SenTestingKit.framework in Frameworks */,
				BDE62BB014A273F9003423CA /* UIKit.framework in Frameworks */,
				BDE62BB114A273F9003423CA /* Foundation.framework in Frameworks */,
			);
			runOnlyForDeploymentPostprocessing = 0;
		};
/* End PBXFrameworksBuildPhase section */

/* Begin PBXGroup section */
		5948E2A714C2A6D000E9ADEA /* assets */ = {
			isa = PBXGroup;
			children = (
				5962199A14CE62CD00DF073F /* Loading */,
				5962197714CE5C8100DF073F /* PLTableHeaderImage.png */,
				59CC14F914CA1A4400775109 /* PLTableHeaderImage@2x.png */,
				5948E2A814C2A6D000E9ADEA /* PhotoFrameSmall@2x.png */,
				5962197A14CE5D8A00DF073F /* PhotoFrameSmall@2x.png */,
				5962197B14CE5D8A00DF073F /* PLLogo.png */,
				5962197C14CE5D8A00DF073F /* PLLogo@2x.png */,
				5962197D14CE5D8A00DF073F /* PLNavigationBar.png */,
				5962197E14CE5D8A00DF073F /* PLNavigationBar@2x.png */,
				5962199314CE5F4900DF073F /* PLTableFooterImage.png */,
				5962199414CE5F4900DF073F /* PLTableFooterImage@2x.png */,
				5962197F14CE5D8A00DF073F /* PLTableCell.png */,
				5962198014CE5D8A00DF073F /* PLTableCell@2x.png */,
				5962198114CE5D8A00DF073F /* PLTableCellSelection.png */,
				5962198214CE5D8A00DF073F /* PLTableCellSelection@2x.png */,
				5962198314CE5D8A00DF073F /* PLTableHeaderImage.png */,
				5962198414CE5D8A00DF073F /* PLTableHeaderImage@2x.png */,
				59CC14EC14CA101F00775109 /* PLTableCellSelection@2x.png */,
				5948E2A914C2A6D000E9ADEA /* PLLogo@2x.png */,
				5948E2AA14C2A6D000E9ADEA /* PLNavigationBar@2x.png */,
				5948E2AB14C2A6D000E9ADEA /* PLTableCell@2x.png */,
			);
			path = assets;
			sourceTree = "<group>";
		};
<<<<<<< HEAD
		5962199A14CE62CD00DF073F /* Loading */ = {
			isa = PBXGroup;
			children = (
				5962199B14CE62F600DF073F /* PLLoading_01@2x.png */,
				5962199C14CE62F600DF073F /* PLLoading_02@2x.png */,
				5962199D14CE62F600DF073F /* PLLoading_03@2x.png */,
				5962199E14CE62F600DF073F /* PLLoading_04@2x.png */,
				5962199F14CE62F600DF073F /* PLLoading_05@2x.png */,
				596219A014CE62F600DF073F /* PLLoading_06@2x.png */,
				596219A114CE62F600DF073F /* PLLoading_07@2x.png */,
				596219A214CE62F600DF073F /* PLLoading_08@2x.png */,
				596219A314CE62F600DF073F /* PLLoading_09@2x.png */,
				596219A414CE62F600DF073F /* PLLoading_10@2x.png */,
				596219A514CE62F600DF073F /* PLLoading_11@2x.png */,
				596219A614CE62F600DF073F /* PLLoading_12@2x.png */,
				596219A714CE62F600DF073F /* PLLoading_13@2x.png */,
				596219A814CE62F600DF073F /* PLLoading_14@2x.png */,
				596219A914CE62F600DF073F /* PLLoading_15@2x.png */,
				596219AA14CE62F600DF073F /* PLLoading_16@2x.png */,
				596219AB14CE62F600DF073F /* PLLoading_17@2x.png */,
				596219AC14CE62F600DF073F /* PLLoading_18@2x.png */,
				596219AD14CE62F600DF073F /* PLLoading_19@2x.png */,
				596219AE14CE62F600DF073F /* PLLoading_20@2x.png */,
				596219AF14CE62F600DF073F /* PLLoading_21@2x.png */,
				596219B014CE62F600DF073F /* PLLoading_22@2x.png */,
				596219B114CE62F600DF073F /* PLLoading_23@2x.png */,
				596219B214CE62F600DF073F /* PLLoading_24@2x.png */,
				596219B314CE62F600DF073F /* PLLoading_25@2x.png */,
			);
			name = Loading;
			sourceTree = "<group>";
		};
		ACC48BF814B6853900285E3C /* AppStoreView */ = {
=======
		AC5872E414CD4B67001F77C3 /* Lib */ = {
>>>>>>> commit old work
			isa = PBXGroup;
			children = (
				AC5872E814CD4B9B001F77C3 /* HBA */,
				AC5872E514CD4B72001F77C3 /* InnerShadowDrawing.h */,
				AC5872E614CD4B72001F77C3 /* InnerShadowDrawing.m */,
			);
			name = Lib;
			sourceTree = "<group>";
		};
		AC5872E814CD4B9B001F77C3 /* HBA */ = {
			isa = PBXGroup;
			children = (
				AC5872E914CD4B9B001F77C3 /* HBAParser.h */,
				AC5872EA14CD4B9B001F77C3 /* HBAParser.m */,
			);
			name = HBA;
			path = Lib/HBA;
			sourceTree = "<group>";
		};
		BDE62B8714A273F8003423CA = {
			isa = PBXGroup;
			children = (
				BDE62B9C14A273F8003423CA /* PhenomList */,
				BDE62BB414A273F9003423CA /* PhenomListTests */,
				BDE62B9514A273F8003423CA /* Frameworks */,
				BDE62B9314A273F8003423CA /* Products */,
			);
			sourceTree = "<group>";
		};
		BDE62B9314A273F8003423CA /* Products */ = {
			isa = PBXGroup;
			children = (
				BDE62B9214A273F8003423CA /* PhenomList.app */,
				BDE62BAD14A273F9003423CA /* PhenomListTests.octest */,
			);
			name = Products;
			sourceTree = "<group>";
		};
		BDE62B9514A273F8003423CA /* Frameworks */ = {
			isa = PBXGroup;
			children = (
				BDE62B9614A273F8003423CA /* UIKit.framework */,
				BDE62B9814A273F8003423CA /* Foundation.framework */,
				BDE62B9A14A273F8003423CA /* CoreGraphics.framework */,
				BDE62BAE14A273F9003423CA /* SenTestingKit.framework */,
			);
			name = Frameworks;
			sourceTree = "<group>";
		};
		BDE62B9C14A273F8003423CA /* PhenomList */ = {
			isa = PBXGroup;
			children = (
				5948E2A714C2A6D000E9ADEA /* assets */,
				AC5872E414CD4B67001F77C3 /* Lib */,
				BDE62BC514A2741C003423CA /* Model */,
				BDE62BC714A2742A003423CA /* View */,
				BDE62BC614A27426003423CA /* Controller */,
				BDE62BA514A273F8003423CA /* PLAppDelegate.h */,
				BDE62BA614A273F8003423CA /* PLAppDelegate.m */,
				BDE62B9D14A273F8003423CA /* Supporting Files */,
			);
			path = PhenomList;
			sourceTree = "<group>";
		};
		BDE62B9D14A273F8003423CA /* Supporting Files */ = {
			isa = PBXGroup;
			children = (
				BDE62B9E14A273F8003423CA /* PhenomList-Info.plist */,
				BDE62B9F14A273F8003423CA /* InfoPlist.strings */,
				BDE62BA214A273F8003423CA /* main.m */,
				BDE62BA414A273F8003423CA /* PhenomList-Prefix.pch */,
			);
			name = "Supporting Files";
			sourceTree = "<group>";
		};
		BDE62BB414A273F9003423CA /* PhenomListTests */ = {
			isa = PBXGroup;
			children = (
				BDE62BBA14A273F9003423CA /* PhenomListTests.h */,
				BDE62BBB14A273F9003423CA /* PhenomListTests.m */,
				BDE62BB514A273F9003423CA /* Supporting Files */,
			);
			path = PhenomListTests;
			sourceTree = "<group>";
		};
		BDE62BB514A273F9003423CA /* Supporting Files */ = {
			isa = PBXGroup;
			children = (
				BDE62BB614A273F9003423CA /* PhenomListTests-Info.plist */,
				BDE62BB714A273F9003423CA /* InfoPlist.strings */,
			);
			name = "Supporting Files";
			sourceTree = "<group>";
		};
		BDE62BC514A2741C003423CA /* Model */ = {
			isa = PBXGroup;
			children = (
				BDE62BC814A27451003423CA /* PLObject.h */,
				BDE62BC914A27451003423CA /* PLObject.m */,
				BDE62BCB14A27477003423CA /* PLList.h */,
				BDE62BCC14A27477003423CA /* PLList.m */,
				BDE62BCE14A274AC003423CA /* PLPhenom.h */,
				BDE62BCF14A274AC003423CA /* PLPhenom.m */,
				AC0ED36614A4870B0095CD09 /* PLURL.h */,
				AC0ED36714A4870B0095CD09 /* PLURL.m */,
				ACD0CFE014A48E6A004F914E /* PLRequest.h */,
				ACD0CFE114A48E6A004F914E /* PLRequest.m */,
				BD1C8F0914A6B277005DAE02 /* PLParser.h */,
				BD1C8F0A14A6B277005DAE02 /* PLParser.m */,
				BD1C8F0C14A6B299005DAE02 /* PLListParser.h */,
				BD1C8F0D14A6B299005DAE02 /* PLListParser.m */,
			);
			name = Model;
			sourceTree = "<group>";
		};
		BDE62BC614A27426003423CA /* Controller */ = {
			isa = PBXGroup;
			children = (
				BD33712414A5186B00407496 /* PLTableViewController.h */,
				BD33712514A5186B00407496 /* PLTableViewController.m */,
				BD33712814A51E6900407496 /* PLListsController.h */,
				BD33712914A51E6900407496 /* PLListsController.m */,
				ACC48C3B14B68FA500285E3C /* PLArticleViewController.h */,
				ACC48C3C14B68FA500285E3C /* PLArticleViewController.m */,
			);
			name = Controller;
			sourceTree = "<group>";
		};
		BDE62BC714A2742A003423CA /* View */ = {
			isa = PBXGroup;
			children = (
<<<<<<< HEAD
				59CC14BF14C9FB8F00775109 /* InnerShadowDrawing.h */,
				59CC14C014C9FB8F00775109 /* InnerShadowDrawing.m */,
				5900996114C68A530086B290 /* PLListCell.h */,
				5900996214C68A530086B290 /* PLListCell.m */,
				59CC14C314C9FEDD00775109 /* PLListCellSelection.h */,
				59CC14C414C9FEDD00775109 /* PLListCellSelection.m */,
				59CC14EE14CA10FE00775109 /* PLTableHeader.h */,
				59CC14EF14CA10FE00775109 /* PLTableHeader.m */,
				5962199014CE5E6600DF073F /* PLTableFooter.h */,
				5962199114CE5E6600DF073F /* PLTableFooter.m */,
				5962199714CE611000DF073F /* PLLoadingView.h */,
				5962199814CE611000DF073F /* PLLoadingView.m */,
=======
				AC5872DB14CD4B5B001F77C3 /* PLListCell.h */,
				AC5872DC14CD4B5B001F77C3 /* PLListCell.m */,
				AC5872DD14CD4B5B001F77C3 /* PLListCellSelection.h */,
				AC5872DE14CD4B5B001F77C3 /* PLListCellSelection.m */,
				AC5872DF14CD4B5B001F77C3 /* PLTableHeader.h */,
				AC5872E014CD4B5B001F77C3 /* PLTableHeader.m */,
>>>>>>> commit old work
			);
			name = View;
			sourceTree = "<group>";
		};
/* End PBXGroup section */

/* Begin PBXNativeTarget section */
		BDE62B9114A273F8003423CA /* PhenomList */ = {
			isa = PBXNativeTarget;
			buildConfigurationList = BDE62BBF14A273F9003423CA /* Build configuration list for PBXNativeTarget "PhenomList" */;
			buildPhases = (
				BDE62B8E14A273F8003423CA /* Sources */,
				BDE62B8F14A273F8003423CA /* Frameworks */,
				BDE62B9014A273F8003423CA /* Resources */,
			);
			buildRules = (
			);
			dependencies = (
			);
			name = PhenomList;
			productName = PhenomList;
			productReference = BDE62B9214A273F8003423CA /* PhenomList.app */;
			productType = "com.apple.product-type.application";
		};
		BDE62BAC14A273F9003423CA /* PhenomListTests */ = {
			isa = PBXNativeTarget;
			buildConfigurationList = BDE62BC214A273F9003423CA /* Build configuration list for PBXNativeTarget "PhenomListTests" */;
			buildPhases = (
				BDE62BA814A273F9003423CA /* Sources */,
				BDE62BA914A273F9003423CA /* Frameworks */,
				BDE62BAA14A273F9003423CA /* Resources */,
				BDE62BAB14A273F9003423CA /* ShellScript */,
			);
			buildRules = (
			);
			dependencies = (
				BDE62BB314A273F9003423CA /* PBXTargetDependency */,
			);
			name = PhenomListTests;
			productName = PhenomListTests;
			productReference = BDE62BAD14A273F9003423CA /* PhenomListTests.octest */;
			productType = "com.apple.product-type.bundle";
		};
/* End PBXNativeTarget section */

/* Begin PBXProject section */
		BDE62B8914A273F8003423CA /* Project object */ = {
			isa = PBXProject;
			attributes = {
				LastUpgradeCheck = 0420;
				ORGANIZATIONNAME = "Blackboard Mobile";
			};
			buildConfigurationList = BDE62B8C14A273F8003423CA /* Build configuration list for PBXProject "PhenomList" */;
			compatibilityVersion = "Xcode 3.2";
			developmentRegion = English;
			hasScannedForEncodings = 0;
			knownRegions = (
				en,
			);
			mainGroup = BDE62B8714A273F8003423CA;
			productRefGroup = BDE62B9314A273F8003423CA /* Products */;
			projectDirPath = "";
			projectRoot = "";
			targets = (
				BDE62B9114A273F8003423CA /* PhenomList */,
				BDE62BAC14A273F9003423CA /* PhenomListTests */,
			);
		};
/* End PBXProject section */

/* Begin PBXResourcesBuildPhase section */
		BDE62B9014A273F8003423CA /* Resources */ = {
			isa = PBXResourcesBuildPhase;
			buildActionMask = 2147483647;
			files = (
				BDE62BA114A273F8003423CA /* InfoPlist.strings in Resources */,
				5948E2AC14C2A6D000E9ADEA /* PhotoFrameSmall@2x.png in Resources */,
				5948E2AD14C2A6D000E9ADEA /* PLLogo@2x.png in Resources */,
				5948E2AE14C2A6D000E9ADEA /* PLNavigationBar@2x.png in Resources */,
				5948E2AF14C2A6D000E9ADEA /* PLTableCell@2x.png in Resources */,
				59CC14ED14CA101F00775109 /* PLTableCellSelection@2x.png in Resources */,
				59CC14FA14CA1A4400775109 /* PLTableHeaderImage@2x.png in Resources */,
				5962197814CE5C8100DF073F /* PLTableHeaderImage.png in Resources */,
				5962198514CE5D8A00DF073F /* PhotoFrameSmall@2x.png in Resources */,
				5962198614CE5D8A00DF073F /* PLLogo.png in Resources */,
				5962198714CE5D8A00DF073F /* PLLogo@2x.png in Resources */,
				5962198814CE5D8A00DF073F /* PLNavigationBar.png in Resources */,
				5962198914CE5D8A00DF073F /* PLNavigationBar@2x.png in Resources */,
				5962198A14CE5D8A00DF073F /* PLTableCell.png in Resources */,
				5962198B14CE5D8A00DF073F /* PLTableCell@2x.png in Resources */,
				5962198C14CE5D8A00DF073F /* PLTableCellSelection.png in Resources */,
				5962198D14CE5D8A00DF073F /* PLTableCellSelection@2x.png in Resources */,
				5962198E14CE5D8A00DF073F /* PLTableHeaderImage.png in Resources */,
				5962198F14CE5D8A00DF073F /* PLTableHeaderImage@2x.png in Resources */,
				5962199514CE5F4900DF073F /* PLTableFooterImage.png in Resources */,
				5962199614CE5F4900DF073F /* PLTableFooterImage@2x.png in Resources */,
				596219B414CE62F600DF073F /* PLLoading_01@2x.png in Resources */,
				596219B514CE62F600DF073F /* PLLoading_02@2x.png in Resources */,
				596219B614CE62F600DF073F /* PLLoading_03@2x.png in Resources */,
				596219B714CE62F600DF073F /* PLLoading_04@2x.png in Resources */,
				596219B814CE62F600DF073F /* PLLoading_05@2x.png in Resources */,
				596219B914CE62F600DF073F /* PLLoading_06@2x.png in Resources */,
				596219BA14CE62F600DF073F /* PLLoading_07@2x.png in Resources */,
				596219BB14CE62F600DF073F /* PLLoading_08@2x.png in Resources */,
				596219BC14CE62F600DF073F /* PLLoading_09@2x.png in Resources */,
				596219BD14CE62F600DF073F /* PLLoading_10@2x.png in Resources */,
				596219BE14CE62F600DF073F /* PLLoading_11@2x.png in Resources */,
				596219BF14CE62F600DF073F /* PLLoading_12@2x.png in Resources */,
				596219C014CE62F600DF073F /* PLLoading_13@2x.png in Resources */,
				596219C114CE62F600DF073F /* PLLoading_14@2x.png in Resources */,
				596219C214CE62F600DF073F /* PLLoading_15@2x.png in Resources */,
				596219C314CE62F600DF073F /* PLLoading_16@2x.png in Resources */,
				596219C414CE62F600DF073F /* PLLoading_17@2x.png in Resources */,
				596219C514CE62F600DF073F /* PLLoading_18@2x.png in Resources */,
				596219C614CE62F600DF073F /* PLLoading_19@2x.png in Resources */,
				596219C714CE62F600DF073F /* PLLoading_20@2x.png in Resources */,
				596219C814CE62F600DF073F /* PLLoading_21@2x.png in Resources */,
				596219C914CE62F600DF073F /* PLLoading_22@2x.png in Resources */,
				596219CA14CE62F600DF073F /* PLLoading_23@2x.png in Resources */,
				596219CB14CE62F600DF073F /* PLLoading_24@2x.png in Resources */,
				596219CC14CE62F600DF073F /* PLLoading_25@2x.png in Resources */,
			);
			runOnlyForDeploymentPostprocessing = 0;
		};
		BDE62BAA14A273F9003423CA /* Resources */ = {
			isa = PBXResourcesBuildPhase;
			buildActionMask = 2147483647;
			files = (
				BDE62BB914A273F9003423CA /* InfoPlist.strings in Resources */,
			);
			runOnlyForDeploymentPostprocessing = 0;
		};
/* End PBXResourcesBuildPhase section */

/* Begin PBXShellScriptBuildPhase section */
		BDE62BAB14A273F9003423CA /* ShellScript */ = {
			isa = PBXShellScriptBuildPhase;
			buildActionMask = 2147483647;
			files = (
			);
			inputPaths = (
			);
			outputPaths = (
			);
			runOnlyForDeploymentPostprocessing = 0;
			shellPath = /bin/sh;
			shellScript = "# Run the unit tests in this test bundle.\n\"${SYSTEM_DEVELOPER_DIR}/Tools/RunUnitTests\"\n";
		};
/* End PBXShellScriptBuildPhase section */

/* Begin PBXSourcesBuildPhase section */
		BDE62B8E14A273F8003423CA /* Sources */ = {
			isa = PBXSourcesBuildPhase;
			buildActionMask = 2147483647;
			files = (
				BDE62BA314A273F8003423CA /* main.m in Sources */,
				BDE62BA714A273F8003423CA /* PLAppDelegate.m in Sources */,
				BDE62BCA14A27451003423CA /* PLObject.m in Sources */,
				BDE62BCD14A27477003423CA /* PLList.m in Sources */,
				BDE62BD014A274AC003423CA /* PLPhenom.m in Sources */,
				AC0ED36814A4870B0095CD09 /* PLURL.m in Sources */,
				ACD0CFE214A48E6A004F914E /* PLRequest.m in Sources */,
				BD33712614A5186B00407496 /* PLTableViewController.m in Sources */,
				BD33712A14A51E6900407496 /* PLListsController.m in Sources */,
				BD1C8F0B14A6B277005DAE02 /* PLParser.m in Sources */,
				BD1C8F0E14A6B299005DAE02 /* PLListParser.m in Sources */,
				ACC48C3D14B68FA500285E3C /* PLArticleViewController.m in Sources */,
<<<<<<< HEAD
				5900996314C68A530086B290 /* PLListCell.m in Sources */,
				59CC14C114C9FB8F00775109 /* InnerShadowDrawing.m in Sources */,
				59CC14C514C9FEDD00775109 /* PLListCellSelection.m in Sources */,
				59CC14F014CA10FE00775109 /* PLTableHeader.m in Sources */,
				5962199214CE5E6600DF073F /* PLTableFooter.m in Sources */,
				5962199914CE611000DF073F /* PLLoadingView.m in Sources */,
=======
				AC5872E114CD4B5B001F77C3 /* PLListCell.m in Sources */,
				AC5872E214CD4B5B001F77C3 /* PLListCellSelection.m in Sources */,
				AC5872E314CD4B5B001F77C3 /* PLTableHeader.m in Sources */,
				AC5872E714CD4B72001F77C3 /* InnerShadowDrawing.m in Sources */,
				AC5872EB14CD4B9B001F77C3 /* HBAParser.m in Sources */,
>>>>>>> commit old work
			);
			runOnlyForDeploymentPostprocessing = 0;
		};
		BDE62BA814A273F9003423CA /* Sources */ = {
			isa = PBXSourcesBuildPhase;
			buildActionMask = 2147483647;
			files = (
				BDE62BBC14A273F9003423CA /* PhenomListTests.m in Sources */,
			);
			runOnlyForDeploymentPostprocessing = 0;
		};
/* End PBXSourcesBuildPhase section */

/* Begin PBXTargetDependency section */
		BDE62BB314A273F9003423CA /* PBXTargetDependency */ = {
			isa = PBXTargetDependency;
			target = BDE62B9114A273F8003423CA /* PhenomList */;
			targetProxy = BDE62BB214A273F9003423CA /* PBXContainerItemProxy */;
		};
/* End PBXTargetDependency section */

/* Begin PBXVariantGroup section */
		BDE62B9F14A273F8003423CA /* InfoPlist.strings */ = {
			isa = PBXVariantGroup;
			children = (
				BDE62BA014A273F8003423CA /* en */,
			);
			name = InfoPlist.strings;
			sourceTree = "<group>";
		};
		BDE62BB714A273F9003423CA /* InfoPlist.strings */ = {
			isa = PBXVariantGroup;
			children = (
				BDE62BB814A273F9003423CA /* en */,
			);
			name = InfoPlist.strings;
			sourceTree = "<group>";
		};
/* End PBXVariantGroup section */

/* Begin XCBuildConfiguration section */
		BDE62BBD14A273F9003423CA /* Debug */ = {
			isa = XCBuildConfiguration;
			buildSettings = {
				ALWAYS_SEARCH_USER_PATHS = NO;
				ARCHS = "$(ARCHS_STANDARD_32_BIT)";
				CLANG_ENABLE_OBJC_ARC = YES;
				"CODE_SIGN_IDENTITY[sdk=iphoneos*]" = "iPhone Developer";
				COPY_PHASE_STRIP = NO;
				GCC_C_LANGUAGE_STANDARD = gnu99;
				GCC_DYNAMIC_NO_PIC = NO;
				GCC_OPTIMIZATION_LEVEL = 0;
				GCC_PREPROCESSOR_DEFINITIONS = (
					"DEBUG=1",
					"$(inherited)",
				);
				GCC_SYMBOLS_PRIVATE_EXTERN = NO;
				GCC_VERSION = com.apple.compilers.llvm.clang.1_0;
				GCC_WARN_ABOUT_MISSING_PROTOTYPES = YES;
				GCC_WARN_ABOUT_RETURN_TYPE = YES;
				GCC_WARN_UNUSED_VARIABLE = YES;
				IPHONEOS_DEPLOYMENT_TARGET = 5.0;
				SDKROOT = iphoneos;
				TARGETED_DEVICE_FAMILY = "1,2";
			};
			name = Debug;
		};
		BDE62BBE14A273F9003423CA /* Release */ = {
			isa = XCBuildConfiguration;
			buildSettings = {
				ALWAYS_SEARCH_USER_PATHS = NO;
				ARCHS = "$(ARCHS_STANDARD_32_BIT)";
				CLANG_ENABLE_OBJC_ARC = YES;
				"CODE_SIGN_IDENTITY[sdk=iphoneos*]" = "iPhone Developer";
				COPY_PHASE_STRIP = YES;
				GCC_C_LANGUAGE_STANDARD = gnu99;
				GCC_VERSION = com.apple.compilers.llvm.clang.1_0;
				GCC_WARN_ABOUT_MISSING_PROTOTYPES = YES;
				GCC_WARN_ABOUT_RETURN_TYPE = YES;
				GCC_WARN_UNUSED_VARIABLE = YES;
				IPHONEOS_DEPLOYMENT_TARGET = 5.0;
				OTHER_CFLAGS = "-DNS_BLOCK_ASSERTIONS=1";
				SDKROOT = iphoneos;
				TARGETED_DEVICE_FAMILY = "1,2";
				VALIDATE_PRODUCT = YES;
			};
			name = Release;
		};
		BDE62BC014A273F9003423CA /* Debug */ = {
			isa = XCBuildConfiguration;
			buildSettings = {
				GCC_PRECOMPILE_PREFIX_HEADER = YES;
				GCC_PREFIX_HEADER = "PhenomList/PhenomList-Prefix.pch";
				INFOPLIST_FILE = "PhenomList/PhenomList-Info.plist";
				PRODUCT_NAME = "$(TARGET_NAME)";
				WRAPPER_EXTENSION = app;
			};
			name = Debug;
		};
		BDE62BC114A273F9003423CA /* Release */ = {
			isa = XCBuildConfiguration;
			buildSettings = {
				GCC_PRECOMPILE_PREFIX_HEADER = YES;
				GCC_PREFIX_HEADER = "PhenomList/PhenomList-Prefix.pch";
				INFOPLIST_FILE = "PhenomList/PhenomList-Info.plist";
				PRODUCT_NAME = "$(TARGET_NAME)";
				WRAPPER_EXTENSION = app;
			};
			name = Release;
		};
		BDE62BC314A273F9003423CA /* Debug */ = {
			isa = XCBuildConfiguration;
			buildSettings = {
				BUNDLE_LOADER = "$(BUILT_PRODUCTS_DIR)/PhenomList.app/PhenomList";
				FRAMEWORK_SEARCH_PATHS = (
					"$(SDKROOT)/Developer/Library/Frameworks",
					"$(DEVELOPER_LIBRARY_DIR)/Frameworks",
				);
				GCC_PRECOMPILE_PREFIX_HEADER = YES;
				GCC_PREFIX_HEADER = "PhenomList/PhenomList-Prefix.pch";
				INFOPLIST_FILE = "PhenomListTests/PhenomListTests-Info.plist";
				PRODUCT_NAME = "$(TARGET_NAME)";
				TEST_HOST = "$(BUNDLE_LOADER)";
				WRAPPER_EXTENSION = octest;
			};
			name = Debug;
		};
		BDE62BC414A273F9003423CA /* Release */ = {
			isa = XCBuildConfiguration;
			buildSettings = {
				BUNDLE_LOADER = "$(BUILT_PRODUCTS_DIR)/PhenomList.app/PhenomList";
				FRAMEWORK_SEARCH_PATHS = (
					"$(SDKROOT)/Developer/Library/Frameworks",
					"$(DEVELOPER_LIBRARY_DIR)/Frameworks",
				);
				GCC_PRECOMPILE_PREFIX_HEADER = YES;
				GCC_PREFIX_HEADER = "PhenomList/PhenomList-Prefix.pch";
				INFOPLIST_FILE = "PhenomListTests/PhenomListTests-Info.plist";
				PRODUCT_NAME = "$(TARGET_NAME)";
				TEST_HOST = "$(BUNDLE_LOADER)";
				WRAPPER_EXTENSION = octest;
			};
			name = Release;
		};
/* End XCBuildConfiguration section */

/* Begin XCConfigurationList section */
		BDE62B8C14A273F8003423CA /* Build configuration list for PBXProject "PhenomList" */ = {
			isa = XCConfigurationList;
			buildConfigurations = (
				BDE62BBD14A273F9003423CA /* Debug */,
				BDE62BBE14A273F9003423CA /* Release */,
			);
			defaultConfigurationIsVisible = 0;
			defaultConfigurationName = Release;
		};
		BDE62BBF14A273F9003423CA /* Build configuration list for PBXNativeTarget "PhenomList" */ = {
			isa = XCConfigurationList;
			buildConfigurations = (
				BDE62BC014A273F9003423CA /* Debug */,
				BDE62BC114A273F9003423CA /* Release */,
			);
			defaultConfigurationIsVisible = 0;
			defaultConfigurationName = Release;
		};
		BDE62BC214A273F9003423CA /* Build configuration list for PBXNativeTarget "PhenomListTests" */ = {
			isa = XCConfigurationList;
			buildConfigurations = (
				BDE62BC314A273F9003423CA /* Debug */,
				BDE62BC414A273F9003423CA /* Release */,
			);
			defaultConfigurationIsVisible = 0;
			defaultConfigurationName = Release;
		};
/* End XCConfigurationList section */
	};
	rootObject = BDE62B8914A273F8003423CA /* Project object */;
}
