// !$*UTF8*$!
{
	archiveVersion = 1;
	classes = {
	};
	objectVersion = 46;
	objects = {

/* Begin PBXBuildFile section */
		5900996314C68A530086B290 /* PLTableCell.m in Sources */ = {isa = PBXBuildFile; fileRef = 5900996214C68A530086B290 /* PLTableCell.m */; };
		5948E2AC14C2A6D000E9ADEA /* PhotoFrameSmall@2x.png in Resources */ = {isa = PBXBuildFile; fileRef = 5948E2A814C2A6D000E9ADEA /* PhotoFrameSmall@2x.png */; };
		5948E2AD14C2A6D000E9ADEA /* PLLogo@2x.png in Resources */ = {isa = PBXBuildFile; fileRef = 5948E2A914C2A6D000E9ADEA /* PLLogo@2x.png */; };
		5948E2AE14C2A6D000E9ADEA /* PLNavigationBar@2x.png in Resources */ = {isa = PBXBuildFile; fileRef = 5948E2AA14C2A6D000E9ADEA /* PLNavigationBar@2x.png */; };
		5948E2AF14C2A6D000E9ADEA /* PLTableCell@2x.png in Resources */ = {isa = PBXBuildFile; fileRef = 5948E2AB14C2A6D000E9ADEA /* PLTableCell@2x.png */; };
		AC0ED36814A4870B0095CD09 /* PLURL.m in Sources */ = {isa = PBXBuildFile; fileRef = AC0ED36714A4870B0095CD09 /* PLURL.m */; };
		ACC48C0A14B6853900285E3C /* HBAInlineScrollingViewController.m in Sources */ = {isa = PBXBuildFile; fileRef = ACC48BFA14B6853900285E3C /* HBAInlineScrollingViewController.m */; };
		ACC48C0B14B6853900285E3C /* HBAPaginatedPageView.m in Sources */ = {isa = PBXBuildFile; fileRef = ACC48BFC14B6853900285E3C /* HBAPaginatedPageView.m */; };
		ACC48C0C14B6853900285E3C /* HBAPaginatedInnerFullScreenTransitionManager.m in Sources */ = {isa = PBXBuildFile; fileRef = ACC48BFF14B6853900285E3C /* HBAPaginatedInnerFullScreenTransitionManager.m */; };
		ACC48C0D14B6853900285E3C /* HBAPaginatedInnerPageContentContainerView.m in Sources */ = {isa = PBXBuildFile; fileRef = ACC48C0114B6853900285E3C /* HBAPaginatedInnerPageContentContainerView.m */; };
		ACC48C0E14B6853900285E3C /* HBAPaginatedInnerPageView.m in Sources */ = {isa = PBXBuildFile; fileRef = ACC48C0314B6853900285E3C /* HBAPaginatedInnerPageView.m */; };
		ACC48C0F14B6853900285E3C /* HBAPaginatedInnerScrollView.m in Sources */ = {isa = PBXBuildFile; fileRef = ACC48C0514B6853900285E3C /* HBAPaginatedInnerScrollView.m */; };
		ACC48C1014B6853900285E3C /* HBAPaginatedScrollView.m in Sources */ = {isa = PBXBuildFile; fileRef = ACC48C0714B6853900285E3C /* HBAPaginatedScrollView.m */; };
		ACC48C1114B6853900285E3C /* HBAPaginatedViewScrollView.m in Sources */ = {isa = PBXBuildFile; fileRef = ACC48C0914B6853900285E3C /* HBAPaginatedViewScrollView.m */; };
		ACC48C1514B68C0C00285E3C /* HBAContentMode.m in Sources */ = {isa = PBXBuildFile; fileRef = ACC48C1414B68C0C00285E3C /* HBAContentMode.m */; };
		ACC48C1814B68C4800285E3C /* HBAUtility.m in Sources */ = {isa = PBXBuildFile; fileRef = ACC48C1714B68C4800285E3C /* HBAUtility.m */; };
		ACC48C2414B68CAD00285E3C /* HBAAnimation.m in Sources */ = {isa = PBXBuildFile; fileRef = ACC48C1B14B68CAD00285E3C /* HBAAnimation.m */; };
		ACC48C2514B68CAD00285E3C /* HBAAnimationParallel.m in Sources */ = {isa = PBXBuildFile; fileRef = ACC48C1D14B68CAD00285E3C /* HBAAnimationParallel.m */; };
		ACC48C2614B68CAD00285E3C /* HBAAnimationSequence.m in Sources */ = {isa = PBXBuildFile; fileRef = ACC48C1F14B68CAD00285E3C /* HBAAnimationSequence.m */; };
		ACC48C2714B68CAD00285E3C /* HBAFullscreenViewTransitionAnimation.m in Sources */ = {isa = PBXBuildFile; fileRef = ACC48C2114B68CAD00285E3C /* HBAFullscreenViewTransitionAnimation.m */; };
		ACC48C2814B68CAD00285E3C /* HBAViewTransitionAnimation.m in Sources */ = {isa = PBXBuildFile; fileRef = ACC48C2314B68CAD00285E3C /* HBAViewTransitionAnimation.m */; };
		ACC48C2B14B68CF000285E3C /* HBALogger.m in Sources */ = {isa = PBXBuildFile; fileRef = ACC48C2A14B68CEF00285E3C /* HBALogger.m */; };
		ACC48C2E14B68D0F00285E3C /* HBAViewGeometry.m in Sources */ = {isa = PBXBuildFile; fileRef = ACC48C2D14B68D0F00285E3C /* HBAViewGeometry.m */; };
		ACC48C3114B68DAE00285E3C /* HBAViewInspector.m in Sources */ = {isa = PBXBuildFile; fileRef = ACC48C3014B68DAE00285E3C /* HBAViewInspector.m */; };
		ACC48C3414B68E0000285E3C /* HBACaptionView.m in Sources */ = {isa = PBXBuildFile; fileRef = ACC48C3314B68E0000285E3C /* HBACaptionView.m */; };
		ACC48C3714B68E3E00285E3C /* HBAFullscreenViewController.m in Sources */ = {isa = PBXBuildFile; fileRef = ACC48C3614B68E3D00285E3C /* HBAFullscreenViewController.m */; };
		ACC48C3A14B68EEE00285E3C /* HBANotificationCenter.m in Sources */ = {isa = PBXBuildFile; fileRef = ACC48C3914B68EED00285E3C /* HBANotificationCenter.m */; };
		ACC48C3D14B68FA500285E3C /* PLArticleViewController.m in Sources */ = {isa = PBXBuildFile; fileRef = ACC48C3C14B68FA500285E3C /* PLArticleViewController.m */; };
		ACD0CFE214A48E6A004F914E /* PLRequest.m in Sources */ = {isa = PBXBuildFile; fileRef = ACD0CFE114A48E6A004F914E /* PLRequest.m */; };
		BD1C8F0814A6B23D005DAE02 /* HBAParser.m in Sources */ = {isa = PBXBuildFile; fileRef = BD1C8F0714A6B23D005DAE02 /* HBAParser.m */; };
		BD1C8F0B14A6B277005DAE02 /* PLParser.m in Sources */ = {isa = PBXBuildFile; fileRef = BD1C8F0A14A6B277005DAE02 /* PLParser.m */; };
		BD1C8F0E14A6B299005DAE02 /* PLListParser.m in Sources */ = {isa = PBXBuildFile; fileRef = BD1C8F0D14A6B299005DAE02 /* PLListParser.m */; };
		BD33712614A5186B00407496 /* PLTableViewController.m in Sources */ = {isa = PBXBuildFile; fileRef = BD33712514A5186B00407496 /* PLTableViewController.m */; };
		BD33712A14A51E6900407496 /* PLListsController.m in Sources */ = {isa = PBXBuildFile; fileRef = BD33712914A51E6900407496 /* PLListsController.m */; };
		BDE62B9714A273F8003423CA /* UIKit.framework in Frameworks */ = {isa = PBXBuildFile; fileRef = BDE62B9614A273F8003423CA /* UIKit.framework */; };
		BDE62B9914A273F8003423CA /* Foundation.framework in Frameworks */ = {isa = PBXBuildFile; fileRef = BDE62B9814A273F8003423CA /* Foundation.framework */; };
		BDE62B9B14A273F8003423CA /* CoreGraphics.framework in Frameworks */ = {isa = PBXBuildFile; fileRef = BDE62B9A14A273F8003423CA /* CoreGraphics.framework */; };
		BDE62BA114A273F8003423CA /* InfoPlist.strings in Resources */ = {isa = PBXBuildFile; fileRef = BDE62B9F14A273F8003423CA /* InfoPlist.strings */; };
		BDE62BA314A273F8003423CA /* main.m in Sources */ = {isa = PBXBuildFile; fileRef = BDE62BA214A273F8003423CA /* main.m */; };
		BDE62BA714A273F8003423CA /* PLAppDelegate.m in Sources */ = {isa = PBXBuildFile; fileRef = BDE62BA614A273F8003423CA /* PLAppDelegate.m */; };
		BDE62BAF14A273F9003423CA /* SenTestingKit.framework in Frameworks */ = {isa = PBXBuildFile; fileRef = BDE62BAE14A273F9003423CA /* SenTestingKit.framework */; };
		BDE62BB014A273F9003423CA /* UIKit.framework in Frameworks */ = {isa = PBXBuildFile; fileRef = BDE62B9614A273F8003423CA /* UIKit.framework */; };
		BDE62BB114A273F9003423CA /* Foundation.framework in Frameworks */ = {isa = PBXBuildFile; fileRef = BDE62B9814A273F8003423CA /* Foundation.framework */; };
		BDE62BB914A273F9003423CA /* InfoPlist.strings in Resources */ = {isa = PBXBuildFile; fileRef = BDE62BB714A273F9003423CA /* InfoPlist.strings */; };
		BDE62BBC14A273F9003423CA /* PhenomListTests.m in Sources */ = {isa = PBXBuildFile; fileRef = BDE62BBB14A273F9003423CA /* PhenomListTests.m */; };
		BDE62BCA14A27451003423CA /* PLObject.m in Sources */ = {isa = PBXBuildFile; fileRef = BDE62BC914A27451003423CA /* PLObject.m */; };
		BDE62BCD14A27477003423CA /* PLList.m in Sources */ = {isa = PBXBuildFile; fileRef = BDE62BCC14A27477003423CA /* PLList.m */; };
		BDE62BD014A274AC003423CA /* PLPhenom.m in Sources */ = {isa = PBXBuildFile; fileRef = BDE62BCF14A274AC003423CA /* PLPhenom.m */; };
/* End PBXBuildFile section */

/* Begin PBXContainerItemProxy section */
		BDE62BB214A273F9003423CA /* PBXContainerItemProxy */ = {
			isa = PBXContainerItemProxy;
			containerPortal = BDE62B8914A273F8003423CA /* Project object */;
			proxyType = 1;
			remoteGlobalIDString = BDE62B9114A273F8003423CA;
			remoteInfo = PhenomList;
		};
/* End PBXContainerItemProxy section */

/* Begin PBXFileReference section */
		5900996114C68A530086B290 /* PLTableCell.h */ = {isa = PBXFileReference; fileEncoding = 4; lastKnownFileType = sourcecode.c.h; path = PLTableCell.h; sourceTree = "<group>"; };
		5900996214C68A530086B290 /* PLTableCell.m */ = {isa = PBXFileReference; fileEncoding = 4; lastKnownFileType = sourcecode.c.objc; path = PLTableCell.m; sourceTree = "<group>"; };
		5948E2A814C2A6D000E9ADEA /* PhotoFrameSmall@2x.png */ = {isa = PBXFileReference; lastKnownFileType = image.png; path = "PhotoFrameSmall@2x.png"; sourceTree = "<group>"; };
		5948E2A914C2A6D000E9ADEA /* PLLogo@2x.png */ = {isa = PBXFileReference; lastKnownFileType = image.png; path = "PLLogo@2x.png"; sourceTree = "<group>"; };
		5948E2AA14C2A6D000E9ADEA /* PLNavigationBar@2x.png */ = {isa = PBXFileReference; lastKnownFileType = image.png; path = "PLNavigationBar@2x.png"; sourceTree = "<group>"; };
		5948E2AB14C2A6D000E9ADEA /* PLTableCell@2x.png */ = {isa = PBXFileReference; lastKnownFileType = image.png; path = "PLTableCell@2x.png"; sourceTree = "<group>"; };
		AC0ED36614A4870B0095CD09 /* PLURL.h */ = {isa = PBXFileReference; fileEncoding = 4; lastKnownFileType = sourcecode.c.h; name = PLURL.h; path = Model/PLURL.h; sourceTree = "<group>"; };
		AC0ED36714A4870B0095CD09 /* PLURL.m */ = {isa = PBXFileReference; fileEncoding = 4; lastKnownFileType = sourcecode.c.objc; name = PLURL.m; path = Model/PLURL.m; sourceTree = "<group>"; };
		ACC48BF914B6853900285E3C /* HBAInlineScrollingViewController.h */ = {isa = PBXFileReference; fileEncoding = 4; lastKnownFileType = sourcecode.c.h; path = HBAInlineScrollingViewController.h; sourceTree = "<group>"; };
		ACC48BFA14B6853900285E3C /* HBAInlineScrollingViewController.m */ = {isa = PBXFileReference; fileEncoding = 4; lastKnownFileType = sourcecode.c.objc; path = HBAInlineScrollingViewController.m; sourceTree = "<group>"; };
		ACC48BFB14B6853900285E3C /* HBAPaginatedPageView.h */ = {isa = PBXFileReference; fileEncoding = 4; lastKnownFileType = sourcecode.c.h; path = HBAPaginatedPageView.h; sourceTree = "<group>"; };
		ACC48BFC14B6853900285E3C /* HBAPaginatedPageView.m */ = {isa = PBXFileReference; fileEncoding = 4; lastKnownFileType = sourcecode.c.objc; path = HBAPaginatedPageView.m; sourceTree = "<group>"; };
		ACC48BFE14B6853900285E3C /* HBAPaginatedInnerFullScreenTransitionManager.h */ = {isa = PBXFileReference; fileEncoding = 4; lastKnownFileType = sourcecode.c.h; path = HBAPaginatedInnerFullScreenTransitionManager.h; sourceTree = "<group>"; };
		ACC48BFF14B6853900285E3C /* HBAPaginatedInnerFullScreenTransitionManager.m */ = {isa = PBXFileReference; fileEncoding = 4; lastKnownFileType = sourcecode.c.objc; path = HBAPaginatedInnerFullScreenTransitionManager.m; sourceTree = "<group>"; };
		ACC48C0014B6853900285E3C /* HBAPaginatedInnerPageContentContainerView.h */ = {isa = PBXFileReference; fileEncoding = 4; lastKnownFileType = sourcecode.c.h; path = HBAPaginatedInnerPageContentContainerView.h; sourceTree = "<group>"; };
		ACC48C0114B6853900285E3C /* HBAPaginatedInnerPageContentContainerView.m */ = {isa = PBXFileReference; fileEncoding = 4; lastKnownFileType = sourcecode.c.objc; path = HBAPaginatedInnerPageContentContainerView.m; sourceTree = "<group>"; };
		ACC48C0214B6853900285E3C /* HBAPaginatedInnerPageView.h */ = {isa = PBXFileReference; fileEncoding = 4; lastKnownFileType = sourcecode.c.h; path = HBAPaginatedInnerPageView.h; sourceTree = "<group>"; };
		ACC48C0314B6853900285E3C /* HBAPaginatedInnerPageView.m */ = {isa = PBXFileReference; fileEncoding = 4; lastKnownFileType = sourcecode.c.objc; path = HBAPaginatedInnerPageView.m; sourceTree = "<group>"; };
		ACC48C0414B6853900285E3C /* HBAPaginatedInnerScrollView.h */ = {isa = PBXFileReference; fileEncoding = 4; lastKnownFileType = sourcecode.c.h; path = HBAPaginatedInnerScrollView.h; sourceTree = "<group>"; };
		ACC48C0514B6853900285E3C /* HBAPaginatedInnerScrollView.m */ = {isa = PBXFileReference; fileEncoding = 4; lastKnownFileType = sourcecode.c.objc; path = HBAPaginatedInnerScrollView.m; sourceTree = "<group>"; };
		ACC48C0614B6853900285E3C /* HBAPaginatedScrollView.h */ = {isa = PBXFileReference; fileEncoding = 4; lastKnownFileType = sourcecode.c.h; path = HBAPaginatedScrollView.h; sourceTree = "<group>"; };
		ACC48C0714B6853900285E3C /* HBAPaginatedScrollView.m */ = {isa = PBXFileReference; fileEncoding = 4; lastKnownFileType = sourcecode.c.objc; path = HBAPaginatedScrollView.m; sourceTree = "<group>"; };
		ACC48C0814B6853900285E3C /* HBAPaginatedViewScrollView.h */ = {isa = PBXFileReference; fileEncoding = 4; lastKnownFileType = sourcecode.c.h; path = HBAPaginatedViewScrollView.h; sourceTree = "<group>"; };
		ACC48C0914B6853900285E3C /* HBAPaginatedViewScrollView.m */ = {isa = PBXFileReference; fileEncoding = 4; lastKnownFileType = sourcecode.c.objc; path = HBAPaginatedViewScrollView.m; sourceTree = "<group>"; };
		ACC48C1314B68C0C00285E3C /* HBAContentMode.h */ = {isa = PBXFileReference; fileEncoding = 4; lastKnownFileType = sourcecode.c.h; path = HBAContentMode.h; sourceTree = "<group>"; };
		ACC48C1414B68C0C00285E3C /* HBAContentMode.m */ = {isa = PBXFileReference; fileEncoding = 4; lastKnownFileType = sourcecode.c.objc; path = HBAContentMode.m; sourceTree = "<group>"; };
		ACC48C1614B68C4800285E3C /* HBAUtility.h */ = {isa = PBXFileReference; fileEncoding = 4; lastKnownFileType = sourcecode.c.h; path = HBAUtility.h; sourceTree = "<group>"; };
		ACC48C1714B68C4800285E3C /* HBAUtility.m */ = {isa = PBXFileReference; fileEncoding = 4; lastKnownFileType = sourcecode.c.objc; path = HBAUtility.m; sourceTree = "<group>"; };
		ACC48C1A14B68CAD00285E3C /* HBAAnimation.h */ = {isa = PBXFileReference; fileEncoding = 4; lastKnownFileType = sourcecode.c.h; path = HBAAnimation.h; sourceTree = "<group>"; };
		ACC48C1B14B68CAD00285E3C /* HBAAnimation.m */ = {isa = PBXFileReference; fileEncoding = 4; lastKnownFileType = sourcecode.c.objc; path = HBAAnimation.m; sourceTree = "<group>"; };
		ACC48C1C14B68CAD00285E3C /* HBAAnimationParallel.h */ = {isa = PBXFileReference; fileEncoding = 4; lastKnownFileType = sourcecode.c.h; path = HBAAnimationParallel.h; sourceTree = "<group>"; };
		ACC48C1D14B68CAD00285E3C /* HBAAnimationParallel.m */ = {isa = PBXFileReference; fileEncoding = 4; lastKnownFileType = sourcecode.c.objc; path = HBAAnimationParallel.m; sourceTree = "<group>"; };
		ACC48C1E14B68CAD00285E3C /* HBAAnimationSequence.h */ = {isa = PBXFileReference; fileEncoding = 4; lastKnownFileType = sourcecode.c.h; path = HBAAnimationSequence.h; sourceTree = "<group>"; };
		ACC48C1F14B68CAD00285E3C /* HBAAnimationSequence.m */ = {isa = PBXFileReference; fileEncoding = 4; lastKnownFileType = sourcecode.c.objc; path = HBAAnimationSequence.m; sourceTree = "<group>"; };
		ACC48C2014B68CAD00285E3C /* HBAFullscreenViewTransitionAnimation.h */ = {isa = PBXFileReference; fileEncoding = 4; lastKnownFileType = sourcecode.c.h; path = HBAFullscreenViewTransitionAnimation.h; sourceTree = "<group>"; };
		ACC48C2114B68CAD00285E3C /* HBAFullscreenViewTransitionAnimation.m */ = {isa = PBXFileReference; fileEncoding = 4; lastKnownFileType = sourcecode.c.objc; path = HBAFullscreenViewTransitionAnimation.m; sourceTree = "<group>"; };
		ACC48C2214B68CAD00285E3C /* HBAViewTransitionAnimation.h */ = {isa = PBXFileReference; fileEncoding = 4; lastKnownFileType = sourcecode.c.h; path = HBAViewTransitionAnimation.h; sourceTree = "<group>"; };
		ACC48C2314B68CAD00285E3C /* HBAViewTransitionAnimation.m */ = {isa = PBXFileReference; fileEncoding = 4; lastKnownFileType = sourcecode.c.objc; path = HBAViewTransitionAnimation.m; sourceTree = "<group>"; };
		ACC48C2914B68CEF00285E3C /* HBALogger.h */ = {isa = PBXFileReference; fileEncoding = 4; lastKnownFileType = sourcecode.c.h; path = HBALogger.h; sourceTree = "<group>"; };
		ACC48C2A14B68CEF00285E3C /* HBALogger.m */ = {isa = PBXFileReference; fileEncoding = 4; lastKnownFileType = sourcecode.c.objc; path = HBALogger.m; sourceTree = "<group>"; };
		ACC48C2C14B68D0F00285E3C /* HBAViewGeometry.h */ = {isa = PBXFileReference; fileEncoding = 4; lastKnownFileType = sourcecode.c.h; path = HBAViewGeometry.h; sourceTree = "<group>"; };
		ACC48C2D14B68D0F00285E3C /* HBAViewGeometry.m */ = {isa = PBXFileReference; fileEncoding = 4; lastKnownFileType = sourcecode.c.objc; path = HBAViewGeometry.m; sourceTree = "<group>"; };
		ACC48C2F14B68DAD00285E3C /* HBAViewInspector.h */ = {isa = PBXFileReference; fileEncoding = 4; lastKnownFileType = sourcecode.c.h; path = HBAViewInspector.h; sourceTree = "<group>"; };
		ACC48C3014B68DAE00285E3C /* HBAViewInspector.m */ = {isa = PBXFileReference; fileEncoding = 4; lastKnownFileType = sourcecode.c.objc; path = HBAViewInspector.m; sourceTree = "<group>"; };
		ACC48C3214B68DFF00285E3C /* HBACaptionView.h */ = {isa = PBXFileReference; fileEncoding = 4; lastKnownFileType = sourcecode.c.h; path = HBACaptionView.h; sourceTree = "<group>"; };
		ACC48C3314B68E0000285E3C /* HBACaptionView.m */ = {isa = PBXFileReference; fileEncoding = 4; lastKnownFileType = sourcecode.c.objc; path = HBACaptionView.m; sourceTree = "<group>"; };
		ACC48C3514B68E3D00285E3C /* HBAFullscreenViewController.h */ = {isa = PBXFileReference; fileEncoding = 4; lastKnownFileType = sourcecode.c.h; path = HBAFullscreenViewController.h; sourceTree = "<group>"; };
		ACC48C3614B68E3D00285E3C /* HBAFullscreenViewController.m */ = {isa = PBXFileReference; fileEncoding = 4; lastKnownFileType = sourcecode.c.objc; path = HBAFullscreenViewController.m; sourceTree = "<group>"; };
		ACC48C3814B68EED00285E3C /* HBANotificationCenter.h */ = {isa = PBXFileReference; fileEncoding = 4; lastKnownFileType = sourcecode.c.h; path = HBANotificationCenter.h; sourceTree = "<group>"; };
		ACC48C3914B68EED00285E3C /* HBANotificationCenter.m */ = {isa = PBXFileReference; fileEncoding = 4; lastKnownFileType = sourcecode.c.objc; path = HBANotificationCenter.m; sourceTree = "<group>"; };
		ACC48C3B14B68FA500285E3C /* PLArticleViewController.h */ = {isa = PBXFileReference; fileEncoding = 4; lastKnownFileType = sourcecode.c.h; name = PLArticleViewController.h; path = Controller/PLArticleViewController.h; sourceTree = "<group>"; };
		ACC48C3C14B68FA500285E3C /* PLArticleViewController.m */ = {isa = PBXFileReference; fileEncoding = 4; lastKnownFileType = sourcecode.c.objc; name = PLArticleViewController.m; path = Controller/PLArticleViewController.m; sourceTree = "<group>"; };
		ACD0CFE014A48E6A004F914E /* PLRequest.h */ = {isa = PBXFileReference; fileEncoding = 4; lastKnownFileType = sourcecode.c.h; name = PLRequest.h; path = Model/PLRequest.h; sourceTree = "<group>"; };
		ACD0CFE114A48E6A004F914E /* PLRequest.m */ = {isa = PBXFileReference; fileEncoding = 4; lastKnownFileType = sourcecode.c.objc; name = PLRequest.m; path = Model/PLRequest.m; sourceTree = "<group>"; };
		BD1C8F0614A6B23D005DAE02 /* HBAParser.h */ = {isa = PBXFileReference; fileEncoding = 4; lastKnownFileType = sourcecode.c.h; name = HBAParser.h; path = HBA/HBAParser.h; sourceTree = "<group>"; };
		BD1C8F0714A6B23D005DAE02 /* HBAParser.m */ = {isa = PBXFileReference; fileEncoding = 4; lastKnownFileType = sourcecode.c.objc; name = HBAParser.m; path = HBA/HBAParser.m; sourceTree = "<group>"; };
		BD1C8F0914A6B277005DAE02 /* PLParser.h */ = {isa = PBXFileReference; fileEncoding = 4; lastKnownFileType = sourcecode.c.h; name = PLParser.h; path = Model/PLParser.h; sourceTree = "<group>"; };
		BD1C8F0A14A6B277005DAE02 /* PLParser.m */ = {isa = PBXFileReference; fileEncoding = 4; lastKnownFileType = sourcecode.c.objc; name = PLParser.m; path = Model/PLParser.m; sourceTree = "<group>"; };
		BD1C8F0C14A6B299005DAE02 /* PLListParser.h */ = {isa = PBXFileReference; fileEncoding = 4; lastKnownFileType = sourcecode.c.h; name = PLListParser.h; path = Model/PLListParser.h; sourceTree = "<group>"; };
		BD1C8F0D14A6B299005DAE02 /* PLListParser.m */ = {isa = PBXFileReference; fileEncoding = 4; lastKnownFileType = sourcecode.c.objc; name = PLListParser.m; path = Model/PLListParser.m; sourceTree = "<group>"; };
		BD33712414A5186B00407496 /* PLTableViewController.h */ = {isa = PBXFileReference; fileEncoding = 4; lastKnownFileType = sourcecode.c.h; name = PLTableViewController.h; path = Controller/PLTableViewController.h; sourceTree = "<group>"; };
		BD33712514A5186B00407496 /* PLTableViewController.m */ = {isa = PBXFileReference; fileEncoding = 4; lastKnownFileType = sourcecode.c.objc; name = PLTableViewController.m; path = Controller/PLTableViewController.m; sourceTree = "<group>"; };
		BD33712814A51E6900407496 /* PLListsController.h */ = {isa = PBXFileReference; fileEncoding = 4; lastKnownFileType = sourcecode.c.h; name = PLListsController.h; path = Controller/PLListsController.h; sourceTree = "<group>"; };
		BD33712914A51E6900407496 /* PLListsController.m */ = {isa = PBXFileReference; fileEncoding = 4; lastKnownFileType = sourcecode.c.objc; name = PLListsController.m; path = Controller/PLListsController.m; sourceTree = "<group>"; };
		BDE62B9214A273F8003423CA /* PhenomList.app */ = {isa = PBXFileReference; explicitFileType = wrapper.application; includeInIndex = 0; path = PhenomList.app; sourceTree = BUILT_PRODUCTS_DIR; };
		BDE62B9614A273F8003423CA /* UIKit.framework */ = {isa = PBXFileReference; lastKnownFileType = wrapper.framework; name = UIKit.framework; path = System/Library/Frameworks/UIKit.framework; sourceTree = SDKROOT; };
		BDE62B9814A273F8003423CA /* Foundation.framework */ = {isa = PBXFileReference; lastKnownFileType = wrapper.framework; name = Foundation.framework; path = System/Library/Frameworks/Foundation.framework; sourceTree = SDKROOT; };
		BDE62B9A14A273F8003423CA /* CoreGraphics.framework */ = {isa = PBXFileReference; lastKnownFileType = wrapper.framework; name = CoreGraphics.framework; path = System/Library/Frameworks/CoreGraphics.framework; sourceTree = SDKROOT; };
		BDE62B9E14A273F8003423CA /* PhenomList-Info.plist */ = {isa = PBXFileReference; lastKnownFileType = text.plist.xml; path = "PhenomList-Info.plist"; sourceTree = "<group>"; };
		BDE62BA014A273F8003423CA /* en */ = {isa = PBXFileReference; lastKnownFileType = text.plist.strings; name = en; path = en.lproj/InfoPlist.strings; sourceTree = "<group>"; };
		BDE62BA214A273F8003423CA /* main.m */ = {isa = PBXFileReference; lastKnownFileType = sourcecode.c.objc; path = main.m; sourceTree = "<group>"; };
		BDE62BA414A273F8003423CA /* PhenomList-Prefix.pch */ = {isa = PBXFileReference; lastKnownFileType = sourcecode.c.h; path = "PhenomList-Prefix.pch"; sourceTree = "<group>"; };
		BDE62BA514A273F8003423CA /* PLAppDelegate.h */ = {isa = PBXFileReference; lastKnownFileType = sourcecode.c.h; path = PLAppDelegate.h; sourceTree = "<group>"; };
		BDE62BA614A273F8003423CA /* PLAppDelegate.m */ = {isa = PBXFileReference; lastKnownFileType = sourcecode.c.objc; path = PLAppDelegate.m; sourceTree = "<group>"; };
		BDE62BAD14A273F9003423CA /* PhenomListTests.octest */ = {isa = PBXFileReference; explicitFileType = wrapper.cfbundle; includeInIndex = 0; path = PhenomListTests.octest; sourceTree = BUILT_PRODUCTS_DIR; };
		BDE62BAE14A273F9003423CA /* SenTestingKit.framework */ = {isa = PBXFileReference; lastKnownFileType = wrapper.framework; name = SenTestingKit.framework; path = Library/Frameworks/SenTestingKit.framework; sourceTree = DEVELOPER_DIR; };
		BDE62BB614A273F9003423CA /* PhenomListTests-Info.plist */ = {isa = PBXFileReference; lastKnownFileType = text.plist.xml; path = "PhenomListTests-Info.plist"; sourceTree = "<group>"; };
		BDE62BB814A273F9003423CA /* en */ = {isa = PBXFileReference; lastKnownFileType = text.plist.strings; name = en; path = en.lproj/InfoPlist.strings; sourceTree = "<group>"; };
		BDE62BBA14A273F9003423CA /* PhenomListTests.h */ = {isa = PBXFileReference; lastKnownFileType = sourcecode.c.h; path = PhenomListTests.h; sourceTree = "<group>"; };
		BDE62BBB14A273F9003423CA /* PhenomListTests.m */ = {isa = PBXFileReference; lastKnownFileType = sourcecode.c.objc; path = PhenomListTests.m; sourceTree = "<group>"; };
		BDE62BC814A27451003423CA /* PLObject.h */ = {isa = PBXFileReference; fileEncoding = 4; lastKnownFileType = sourcecode.c.h; name = PLObject.h; path = Model/PLObject.h; sourceTree = "<group>"; };
		BDE62BC914A27451003423CA /* PLObject.m */ = {isa = PBXFileReference; fileEncoding = 4; lastKnownFileType = sourcecode.c.objc; name = PLObject.m; path = Model/PLObject.m; sourceTree = "<group>"; };
		BDE62BCB14A27477003423CA /* PLList.h */ = {isa = PBXFileReference; fileEncoding = 4; lastKnownFileType = sourcecode.c.h; name = PLList.h; path = Model/PLList.h; sourceTree = "<group>"; };
		BDE62BCC14A27477003423CA /* PLList.m */ = {isa = PBXFileReference; fileEncoding = 4; lastKnownFileType = sourcecode.c.objc; name = PLList.m; path = Model/PLList.m; sourceTree = "<group>"; };
		BDE62BCE14A274AC003423CA /* PLPhenom.h */ = {isa = PBXFileReference; fileEncoding = 4; lastKnownFileType = sourcecode.c.h; name = PLPhenom.h; path = Model/PLPhenom.h; sourceTree = "<group>"; };
		BDE62BCF14A274AC003423CA /* PLPhenom.m */ = {isa = PBXFileReference; fileEncoding = 4; lastKnownFileType = sourcecode.c.objc; name = PLPhenom.m; path = Model/PLPhenom.m; sourceTree = "<group>"; };
/* End PBXFileReference section */

/* Begin PBXFrameworksBuildPhase section */
		BDE62B8F14A273F8003423CA /* Frameworks */ = {
			isa = PBXFrameworksBuildPhase;
			buildActionMask = 2147483647;
			files = (
				BDE62B9714A273F8003423CA /* UIKit.framework in Frameworks */,
				BDE62B9914A273F8003423CA /* Foundation.framework in Frameworks */,
				BDE62B9B14A273F8003423CA /* CoreGraphics.framework in Frameworks */,
			);
			runOnlyForDeploymentPostprocessing = 0;
		};
		BDE62BA914A273F9003423CA /* Frameworks */ = {
			isa = PBXFrameworksBuildPhase;
			buildActionMask = 2147483647;
			files = (
				BDE62BAF14A273F9003423CA /* SenTestingKit.framework in Frameworks */,
				BDE62BB014A273F9003423CA /* UIKit.framework in Frameworks */,
				BDE62BB114A273F9003423CA /* Foundation.framework in Frameworks */,
			);
			runOnlyForDeploymentPostprocessing = 0;
		};
/* End PBXFrameworksBuildPhase section */

/* Begin PBXGroup section */
		5948E2A714C2A6D000E9ADEA /* assets */ = {
			isa = PBXGroup;
			children = (
				5948E2A814C2A6D000E9ADEA /* PhotoFrameSmall@2x.png */,
				5948E2A914C2A6D000E9ADEA /* PLLogo@2x.png */,
				5948E2AA14C2A6D000E9ADEA /* PLNavigationBar@2x.png */,
				5948E2AB14C2A6D000E9ADEA /* PLTableCell@2x.png */,
			);
			path = assets;
			sourceTree = "<group>";
		};
		ACC48BF814B6853900285E3C /* AppStoreView */ = {
			isa = PBXGroup;
			children = (
				ACC48C3814B68EED00285E3C /* HBANotificationCenter.h */,
				ACC48C3914B68EED00285E3C /* HBANotificationCenter.m */,
				ACC48C3514B68E3D00285E3C /* HBAFullscreenViewController.h */,
				ACC48C3614B68E3D00285E3C /* HBAFullscreenViewController.m */,
				ACC48C3214B68DFF00285E3C /* HBACaptionView.h */,
				ACC48C3314B68E0000285E3C /* HBACaptionView.m */,
				ACC48C2F14B68DAD00285E3C /* HBAViewInspector.h */,
				ACC48C3014B68DAE00285E3C /* HBAViewInspector.m */,
				ACC48C2C14B68D0F00285E3C /* HBAViewGeometry.h */,
				ACC48C2D14B68D0F00285E3C /* HBAViewGeometry.m */,
				ACC48C2914B68CEF00285E3C /* HBALogger.h */,
				ACC48C2A14B68CEF00285E3C /* HBALogger.m */,
				ACC48C1914B68CAD00285E3C /* Animation */,
				ACC48C1614B68C4800285E3C /* HBAUtility.h */,
				ACC48C1714B68C4800285E3C /* HBAUtility.m */,
				ACC48C1314B68C0C00285E3C /* HBAContentMode.h */,
				ACC48C1414B68C0C00285E3C /* HBAContentMode.m */,
				ACC48BF914B6853900285E3C /* HBAInlineScrollingViewController.h */,
				ACC48BFA14B6853900285E3C /* HBAInlineScrollingViewController.m */,
				ACC48BFB14B6853900285E3C /* HBAPaginatedPageView.h */,
				ACC48BFC14B6853900285E3C /* HBAPaginatedPageView.m */,
				ACC48BFD14B6853900285E3C /* HBAPaginatedScrollView (Private) */,
				ACC48C0614B6853900285E3C /* HBAPaginatedScrollView.h */,
				ACC48C0714B6853900285E3C /* HBAPaginatedScrollView.m */,
				ACC48C0814B6853900285E3C /* HBAPaginatedViewScrollView.h */,
				ACC48C0914B6853900285E3C /* HBAPaginatedViewScrollView.m */,
			);
			path = AppStoreView;
			sourceTree = "<group>";
		};
		ACC48BFD14B6853900285E3C /* HBAPaginatedScrollView (Private) */ = {
			isa = PBXGroup;
			children = (
				ACC48BFE14B6853900285E3C /* HBAPaginatedInnerFullScreenTransitionManager.h */,
				ACC48BFF14B6853900285E3C /* HBAPaginatedInnerFullScreenTransitionManager.m */,
				ACC48C0014B6853900285E3C /* HBAPaginatedInnerPageContentContainerView.h */,
				ACC48C0114B6853900285E3C /* HBAPaginatedInnerPageContentContainerView.m */,
				ACC48C0214B6853900285E3C /* HBAPaginatedInnerPageView.h */,
				ACC48C0314B6853900285E3C /* HBAPaginatedInnerPageView.m */,
				ACC48C0414B6853900285E3C /* HBAPaginatedInnerScrollView.h */,
				ACC48C0514B6853900285E3C /* HBAPaginatedInnerScrollView.m */,
			);
			path = "HBAPaginatedScrollView (Private)";
			sourceTree = "<group>";
		};
		ACC48C1914B68CAD00285E3C /* Animation */ = {
			isa = PBXGroup;
			children = (
				ACC48C1A14B68CAD00285E3C /* HBAAnimation.h */,
				ACC48C1B14B68CAD00285E3C /* HBAAnimation.m */,
				ACC48C1C14B68CAD00285E3C /* HBAAnimationParallel.h */,
				ACC48C1D14B68CAD00285E3C /* HBAAnimationParallel.m */,
				ACC48C1E14B68CAD00285E3C /* HBAAnimationSequence.h */,
				ACC48C1F14B68CAD00285E3C /* HBAAnimationSequence.m */,
				ACC48C2014B68CAD00285E3C /* HBAFullscreenViewTransitionAnimation.h */,
				ACC48C2114B68CAD00285E3C /* HBAFullscreenViewTransitionAnimation.m */,
				ACC48C2214B68CAD00285E3C /* HBAViewTransitionAnimation.h */,
				ACC48C2314B68CAD00285E3C /* HBAViewTransitionAnimation.m */,
			);
			path = Animation;
			sourceTree = "<group>";
		};
		BD1C8EFF14A6B164005DAE02 /* HBA */ = {
			isa = PBXGroup;
			children = (
				ACC48BF814B6853900285E3C /* AppStoreView */,
				BD1C8F0614A6B23D005DAE02 /* HBAParser.h */,
				BD1C8F0714A6B23D005DAE02 /* HBAParser.m */,
			);
			name = HBA;
			sourceTree = "<group>";
		};
		BDE62B8714A273F8003423CA = {
			isa = PBXGroup;
			children = (
				BDE62B9C14A273F8003423CA /* PhenomList */,
				BDE62BB414A273F9003423CA /* PhenomListTests */,
				BDE62B9514A273F8003423CA /* Frameworks */,
				BDE62B9314A273F8003423CA /* Products */,
			);
			sourceTree = "<group>";
		};
		BDE62B9314A273F8003423CA /* Products */ = {
			isa = PBXGroup;
			children = (
				BDE62B9214A273F8003423CA /* PhenomList.app */,
				BDE62BAD14A273F9003423CA /* PhenomListTests.octest */,
			);
			name = Products;
			sourceTree = "<group>";
		};
		BDE62B9514A273F8003423CA /* Frameworks */ = {
			isa = PBXGroup;
			children = (
				BDE62B9614A273F8003423CA /* UIKit.framework */,
				BDE62B9814A273F8003423CA /* Foundation.framework */,
				BDE62B9A14A273F8003423CA /* CoreGraphics.framework */,
				BDE62BAE14A273F9003423CA /* SenTestingKit.framework */,
			);
			name = Frameworks;
			sourceTree = "<group>";
		};
		BDE62B9C14A273F8003423CA /* PhenomList */ = {
			isa = PBXGroup;
			children = (
				5948E2A714C2A6D000E9ADEA /* assets */,
				BD1C8EFF14A6B164005DAE02 /* HBA */,
				BDE62BC514A2741C003423CA /* Model */,
				BDE62BC714A2742A003423CA /* View */,
				BDE62BC614A27426003423CA /* Controller */,
				BDE62BA514A273F8003423CA /* PLAppDelegate.h */,
				BDE62BA614A273F8003423CA /* PLAppDelegate.m */,
				BDE62B9D14A273F8003423CA /* Supporting Files */,
			);
			path = PhenomList;
			sourceTree = "<group>";
		};
		BDE62B9D14A273F8003423CA /* Supporting Files */ = {
			isa = PBXGroup;
			children = (
				BDE62B9E14A273F8003423CA /* PhenomList-Info.plist */,
				BDE62B9F14A273F8003423CA /* InfoPlist.strings */,
				BDE62BA214A273F8003423CA /* main.m */,
				BDE62BA414A273F8003423CA /* PhenomList-Prefix.pch */,
			);
			name = "Supporting Files";
			sourceTree = "<group>";
		};
		BDE62BB414A273F9003423CA /* PhenomListTests */ = {
			isa = PBXGroup;
			children = (
				BDE62BBA14A273F9003423CA /* PhenomListTests.h */,
				BDE62BBB14A273F9003423CA /* PhenomListTests.m */,
				BDE62BB514A273F9003423CA /* Supporting Files */,
			);
			path = PhenomListTests;
			sourceTree = "<group>";
		};
		BDE62BB514A273F9003423CA /* Supporting Files */ = {
			isa = PBXGroup;
			children = (
				BDE62BB614A273F9003423CA /* PhenomListTests-Info.plist */,
				BDE62BB714A273F9003423CA /* InfoPlist.strings */,
			);
			name = "Supporting Files";
			sourceTree = "<group>";
		};
		BDE62BC514A2741C003423CA /* Model */ = {
			isa = PBXGroup;
			children = (
				BDE62BC814A27451003423CA /* PLObject.h */,
				BDE62BC914A27451003423CA /* PLObject.m */,
				BDE62BCB14A27477003423CA /* PLList.h */,
				BDE62BCC14A27477003423CA /* PLList.m */,
				BDE62BCE14A274AC003423CA /* PLPhenom.h */,
				BDE62BCF14A274AC003423CA /* PLPhenom.m */,
				AC0ED36614A4870B0095CD09 /* PLURL.h */,
				AC0ED36714A4870B0095CD09 /* PLURL.m */,
				ACD0CFE014A48E6A004F914E /* PLRequest.h */,
				ACD0CFE114A48E6A004F914E /* PLRequest.m */,
				BD1C8F0914A6B277005DAE02 /* PLParser.h */,
				BD1C8F0A14A6B277005DAE02 /* PLParser.m */,
				BD1C8F0C14A6B299005DAE02 /* PLListParser.h */,
				BD1C8F0D14A6B299005DAE02 /* PLListParser.m */,
			);
			name = Model;
			sourceTree = "<group>";
		};
		BDE62BC614A27426003423CA /* Controller */ = {
			isa = PBXGroup;
			children = (
				BD33712414A5186B00407496 /* PLTableViewController.h */,
				BD33712514A5186B00407496 /* PLTableViewController.m */,
				BD33712814A51E6900407496 /* PLListsController.h */,
				BD33712914A51E6900407496 /* PLListsController.m */,
				ACC48C3B14B68FA500285E3C /* PLArticleViewController.h */,
				ACC48C3C14B68FA500285E3C /* PLArticleViewController.m */,
			);
			name = Controller;
			sourceTree = "<group>";
		};
		BDE62BC714A2742A003423CA /* View */ = {
			isa = PBXGroup;
			children = (
				5900996114C68A530086B290 /* PLTableCell.h */,
				5900996214C68A530086B290 /* PLTableCell.m */,
			);
			name = View;
			sourceTree = "<group>";
		};
/* End PBXGroup section */

/* Begin PBXNativeTarget section */
		BDE62B9114A273F8003423CA /* PhenomList */ = {
			isa = PBXNativeTarget;
			buildConfigurationList = BDE62BBF14A273F9003423CA /* Build configuration list for PBXNativeTarget "PhenomList" */;
			buildPhases = (
				BDE62B8E14A273F8003423CA /* Sources */,
				BDE62B8F14A273F8003423CA /* Frameworks */,
				BDE62B9014A273F8003423CA /* Resources */,
			);
			buildRules = (
			);
			dependencies = (
			);
			name = PhenomList;
			productName = PhenomList;
			productReference = BDE62B9214A273F8003423CA /* PhenomList.app */;
			productType = "com.apple.product-type.application";
		};
		BDE62BAC14A273F9003423CA /* PhenomListTests */ = {
			isa = PBXNativeTarget;
			buildConfigurationList = BDE62BC214A273F9003423CA /* Build configuration list for PBXNativeTarget "PhenomListTests" */;
			buildPhases = (
				BDE62BA814A273F9003423CA /* Sources */,
				BDE62BA914A273F9003423CA /* Frameworks */,
				BDE62BAA14A273F9003423CA /* Resources */,
				BDE62BAB14A273F9003423CA /* ShellScript */,
			);
			buildRules = (
			);
			dependencies = (
				BDE62BB314A273F9003423CA /* PBXTargetDependency */,
			);
			name = PhenomListTests;
			productName = PhenomListTests;
			productReference = BDE62BAD14A273F9003423CA /* PhenomListTests.octest */;
			productType = "com.apple.product-type.bundle";
		};
/* End PBXNativeTarget section */

/* Begin PBXProject section */
		BDE62B8914A273F8003423CA /* Project object */ = {
			isa = PBXProject;
			attributes = {
				LastUpgradeCheck = 0420;
				ORGANIZATIONNAME = "Blackboard Mobile";
			};
			buildConfigurationList = BDE62B8C14A273F8003423CA /* Build configuration list for PBXProject "PhenomList" */;
			compatibilityVersion = "Xcode 3.2";
			developmentRegion = English;
			hasScannedForEncodings = 0;
			knownRegions = (
				en,
			);
			mainGroup = BDE62B8714A273F8003423CA;
			productRefGroup = BDE62B9314A273F8003423CA /* Products */;
			projectDirPath = "";
			projectRoot = "";
			targets = (
				BDE62B9114A273F8003423CA /* PhenomList */,
				BDE62BAC14A273F9003423CA /* PhenomListTests */,
			);
		};
/* End PBXProject section */

/* Begin PBXResourcesBuildPhase section */
		BDE62B9014A273F8003423CA /* Resources */ = {
			isa = PBXResourcesBuildPhase;
			buildActionMask = 2147483647;
			files = (
				BDE62BA114A273F8003423CA /* InfoPlist.strings in Resources */,
				5948E2AC14C2A6D000E9ADEA /* PhotoFrameSmall@2x.png in Resources */,
				5948E2AD14C2A6D000E9ADEA /* PLLogo@2x.png in Resources */,
				5948E2AE14C2A6D000E9ADEA /* PLNavigationBar@2x.png in Resources */,
				5948E2AF14C2A6D000E9ADEA /* PLTableCell@2x.png in Resources */,
			);
			runOnlyForDeploymentPostprocessing = 0;
		};
		BDE62BAA14A273F9003423CA /* Resources */ = {
			isa = PBXResourcesBuildPhase;
			buildActionMask = 2147483647;
			files = (
				BDE62BB914A273F9003423CA /* InfoPlist.strings in Resources */,
			);
			runOnlyForDeploymentPostprocessing = 0;
		};
/* End PBXResourcesBuildPhase section */

/* Begin PBXShellScriptBuildPhase section */
		BDE62BAB14A273F9003423CA /* ShellScript */ = {
			isa = PBXShellScriptBuildPhase;
			buildActionMask = 2147483647;
			files = (
			);
			inputPaths = (
			);
			outputPaths = (
			);
			runOnlyForDeploymentPostprocessing = 0;
			shellPath = /bin/sh;
			shellScript = "# Run the unit tests in this test bundle.\n\"${SYSTEM_DEVELOPER_DIR}/Tools/RunUnitTests\"\n";
		};
/* End PBXShellScriptBuildPhase section */

/* Begin PBXSourcesBuildPhase section */
		BDE62B8E14A273F8003423CA /* Sources */ = {
			isa = PBXSourcesBuildPhase;
			buildActionMask = 2147483647;
			files = (
				BDE62BA314A273F8003423CA /* main.m in Sources */,
				BDE62BA714A273F8003423CA /* PLAppDelegate.m in Sources */,
				BDE62BCA14A27451003423CA /* PLObject.m in Sources */,
				BDE62BCD14A27477003423CA /* PLList.m in Sources */,
				BDE62BD014A274AC003423CA /* PLPhenom.m in Sources */,
				AC0ED36814A4870B0095CD09 /* PLURL.m in Sources */,
				ACD0CFE214A48E6A004F914E /* PLRequest.m in Sources */,
				BD33712614A5186B00407496 /* PLTableViewController.m in Sources */,
				BD33712A14A51E6900407496 /* PLListsController.m in Sources */,
				BD1C8F0814A6B23D005DAE02 /* HBAParser.m in Sources */,
				BD1C8F0B14A6B277005DAE02 /* PLParser.m in Sources */,
				BD1C8F0E14A6B299005DAE02 /* PLListParser.m in Sources */,
				ACC48C0A14B6853900285E3C /* HBAInlineScrollingViewController.m in Sources */,
				ACC48C0B14B6853900285E3C /* HBAPaginatedPageView.m in Sources */,
				ACC48C0C14B6853900285E3C /* HBAPaginatedInnerFullScreenTransitionManager.m in Sources */,
				ACC48C0D14B6853900285E3C /* HBAPaginatedInnerPageContentContainerView.m in Sources */,
				ACC48C0E14B6853900285E3C /* HBAPaginatedInnerPageView.m in Sources */,
				ACC48C0F14B6853900285E3C /* HBAPaginatedInnerScrollView.m in Sources */,
				ACC48C1014B6853900285E3C /* HBAPaginatedScrollView.m in Sources */,
				ACC48C1114B6853900285E3C /* HBAPaginatedViewScrollView.m in Sources */,
				ACC48C1514B68C0C00285E3C /* HBAContentMode.m in Sources */,
				ACC48C1814B68C4800285E3C /* HBAUtility.m in Sources */,
				ACC48C2414B68CAD00285E3C /* HBAAnimation.m in Sources */,
				ACC48C2514B68CAD00285E3C /* HBAAnimationParallel.m in Sources */,
				ACC48C2614B68CAD00285E3C /* HBAAnimationSequence.m in Sources */,
				ACC48C2714B68CAD00285E3C /* HBAFullscreenViewTransitionAnimation.m in Sources */,
				ACC48C2814B68CAD00285E3C /* HBAViewTransitionAnimation.m in Sources */,
				ACC48C2B14B68CF000285E3C /* HBALogger.m in Sources */,
				ACC48C2E14B68D0F00285E3C /* HBAViewGeometry.m in Sources */,
				ACC48C3114B68DAE00285E3C /* HBAViewInspector.m in Sources */,
				ACC48C3414B68E0000285E3C /* HBACaptionView.m in Sources */,
				ACC48C3714B68E3E00285E3C /* HBAFullscreenViewController.m in Sources */,
				ACC48C3A14B68EEE00285E3C /* HBANotificationCenter.m in Sources */,
				ACC48C3D14B68FA500285E3C /* PLArticleViewController.m in Sources */,
				5900996314C68A530086B290 /* PLTableCell.m in Sources */,
			);
			runOnlyForDeploymentPostprocessing = 0;
		};
		BDE62BA814A273F9003423CA /* Sources */ = {
			isa = PBXSourcesBuildPhase;
			buildActionMask = 2147483647;
			files = (
				BDE62BBC14A273F9003423CA /* PhenomListTests.m in Sources */,
			);
			runOnlyForDeploymentPostprocessing = 0;
		};
/* End PBXSourcesBuildPhase section */

/* Begin PBXTargetDependency section */
		BDE62BB314A273F9003423CA /* PBXTargetDependency */ = {
			isa = PBXTargetDependency;
			target = BDE62B9114A273F8003423CA /* PhenomList */;
			targetProxy = BDE62BB214A273F9003423CA /* PBXContainerItemProxy */;
		};
/* End PBXTargetDependency section */

/* Begin PBXVariantGroup section */
		BDE62B9F14A273F8003423CA /* InfoPlist.strings */ = {
			isa = PBXVariantGroup;
			children = (
				BDE62BA014A273F8003423CA /* en */,
			);
			name = InfoPlist.strings;
			sourceTree = "<group>";
		};
		BDE62BB714A273F9003423CA /* InfoPlist.strings */ = {
			isa = PBXVariantGroup;
			children = (
				BDE62BB814A273F9003423CA /* en */,
			);
			name = InfoPlist.strings;
			sourceTree = "<group>";
		};
/* End PBXVariantGroup section */

/* Begin XCBuildConfiguration section */
		BDE62BBD14A273F9003423CA /* Debug */ = {
			isa = XCBuildConfiguration;
			buildSettings = {
				ALWAYS_SEARCH_USER_PATHS = NO;
				ARCHS = "$(ARCHS_STANDARD_32_BIT)";
				CLANG_ENABLE_OBJC_ARC = YES;
				"CODE_SIGN_IDENTITY[sdk=iphoneos*]" = "iPhone Developer";
				COPY_PHASE_STRIP = NO;
				GCC_C_LANGUAGE_STANDARD = gnu99;
				GCC_DYNAMIC_NO_PIC = NO;
				GCC_OPTIMIZATION_LEVEL = 0;
				GCC_PREPROCESSOR_DEFINITIONS = (
					"DEBUG=1",
					"$(inherited)",
				);
				GCC_SYMBOLS_PRIVATE_EXTERN = NO;
				GCC_VERSION = com.apple.compilers.llvm.clang.1_0;
				GCC_WARN_ABOUT_MISSING_PROTOTYPES = YES;
				GCC_WARN_ABOUT_RETURN_TYPE = YES;
				GCC_WARN_UNUSED_VARIABLE = YES;
				IPHONEOS_DEPLOYMENT_TARGET = 5.0;
				SDKROOT = iphoneos;
				TARGETED_DEVICE_FAMILY = "1,2";
			};
			name = Debug;
		};
		BDE62BBE14A273F9003423CA /* Release */ = {
			isa = XCBuildConfiguration;
			buildSettings = {
				ALWAYS_SEARCH_USER_PATHS = NO;
				ARCHS = "$(ARCHS_STANDARD_32_BIT)";
				CLANG_ENABLE_OBJC_ARC = YES;
				"CODE_SIGN_IDENTITY[sdk=iphoneos*]" = "iPhone Developer";
				COPY_PHASE_STRIP = YES;
				GCC_C_LANGUAGE_STANDARD = gnu99;
				GCC_VERSION = com.apple.compilers.llvm.clang.1_0;
				GCC_WARN_ABOUT_MISSING_PROTOTYPES = YES;
				GCC_WARN_ABOUT_RETURN_TYPE = YES;
				GCC_WARN_UNUSED_VARIABLE = YES;
				IPHONEOS_DEPLOYMENT_TARGET = 5.0;
				OTHER_CFLAGS = "-DNS_BLOCK_ASSERTIONS=1";
				SDKROOT = iphoneos;
				TARGETED_DEVICE_FAMILY = "1,2";
				VALIDATE_PRODUCT = YES;
			};
			name = Release;
		};
		BDE62BC014A273F9003423CA /* Debug */ = {
			isa = XCBuildConfiguration;
			buildSettings = {
				GCC_PRECOMPILE_PREFIX_HEADER = YES;
				GCC_PREFIX_HEADER = "PhenomList/PhenomList-Prefix.pch";
				INFOPLIST_FILE = "PhenomList/PhenomList-Info.plist";
				PRODUCT_NAME = "$(TARGET_NAME)";
				WRAPPER_EXTENSION = app;
			};
			name = Debug;
		};
		BDE62BC114A273F9003423CA /* Release */ = {
			isa = XCBuildConfiguration;
			buildSettings = {
				GCC_PRECOMPILE_PREFIX_HEADER = YES;
				GCC_PREFIX_HEADER = "PhenomList/PhenomList-Prefix.pch";
				INFOPLIST_FILE = "PhenomList/PhenomList-Info.plist";
				PRODUCT_NAME = "$(TARGET_NAME)";
				WRAPPER_EXTENSION = app;
			};
			name = Release;
		};
		BDE62BC314A273F9003423CA /* Debug */ = {
			isa = XCBuildConfiguration;
			buildSettings = {
				BUNDLE_LOADER = "$(BUILT_PRODUCTS_DIR)/PhenomList.app/PhenomList";
				FRAMEWORK_SEARCH_PATHS = (
					"$(SDKROOT)/Developer/Library/Frameworks",
					"$(DEVELOPER_LIBRARY_DIR)/Frameworks",
				);
				GCC_PRECOMPILE_PREFIX_HEADER = YES;
				GCC_PREFIX_HEADER = "PhenomList/PhenomList-Prefix.pch";
				INFOPLIST_FILE = "PhenomListTests/PhenomListTests-Info.plist";
				PRODUCT_NAME = "$(TARGET_NAME)";
				TEST_HOST = "$(BUNDLE_LOADER)";
				WRAPPER_EXTENSION = octest;
			};
			name = Debug;
		};
		BDE62BC414A273F9003423CA /* Release */ = {
			isa = XCBuildConfiguration;
			buildSettings = {
				BUNDLE_LOADER = "$(BUILT_PRODUCTS_DIR)/PhenomList.app/PhenomList";
				FRAMEWORK_SEARCH_PATHS = (
					"$(SDKROOT)/Developer/Library/Frameworks",
					"$(DEVELOPER_LIBRARY_DIR)/Frameworks",
				);
				GCC_PRECOMPILE_PREFIX_HEADER = YES;
				GCC_PREFIX_HEADER = "PhenomList/PhenomList-Prefix.pch";
				INFOPLIST_FILE = "PhenomListTests/PhenomListTests-Info.plist";
				PRODUCT_NAME = "$(TARGET_NAME)";
				TEST_HOST = "$(BUNDLE_LOADER)";
				WRAPPER_EXTENSION = octest;
			};
			name = Release;
		};
/* End XCBuildConfiguration section */

/* Begin XCConfigurationList section */
		BDE62B8C14A273F8003423CA /* Build configuration list for PBXProject "PhenomList" */ = {
			isa = XCConfigurationList;
			buildConfigurations = (
				BDE62BBD14A273F9003423CA /* Debug */,
				BDE62BBE14A273F9003423CA /* Release */,
			);
			defaultConfigurationIsVisible = 0;
			defaultConfigurationName = Release;
		};
		BDE62BBF14A273F9003423CA /* Build configuration list for PBXNativeTarget "PhenomList" */ = {
			isa = XCConfigurationList;
			buildConfigurations = (
				BDE62BC014A273F9003423CA /* Debug */,
				BDE62BC114A273F9003423CA /* Release */,
			);
			defaultConfigurationIsVisible = 0;
			defaultConfigurationName = Release;
		};
		BDE62BC214A273F9003423CA /* Build configuration list for PBXNativeTarget "PhenomListTests" */ = {
			isa = XCConfigurationList;
			buildConfigurations = (
				BDE62BC314A273F9003423CA /* Debug */,
				BDE62BC414A273F9003423CA /* Release */,
			);
			defaultConfigurationIsVisible = 0;
			defaultConfigurationName = Release;
		};
/* End XCConfigurationList section */
	};
	rootObject = BDE62B8914A273F8003423CA /* Project object */;
}
